// !$*UTF8*$!
{
	archiveVersion = 1;
	classes = {
	};
	objectVersion = 46;
	objects = {

/* Begin PBXBuildFile section */
		181FC20B9B42C364690B0448 /* EventListViewController.swift in Sources */ = {isa = PBXBuildFile; fileRef = 181FC69C072EEB0317D5CFC2 /* EventListViewController.swift */; };
		181FC68ED212E98808EB164D /* Event.swift in Sources */ = {isa = PBXBuildFile; fileRef = 181FC338CA0EF384A74A91FD /* Event.swift */; };
		2F4B46A226861FCB70A3CF50 /* Pods.framework in Frameworks */ = {isa = PBXBuildFile; fileRef = 8E9C014E4848CAD8A82E5466 /* Pods.framework */; settings = {ATTRIBUTES = (Required, ); }; };
		6C0EF05B1C6F785300A53017 /* EventCell.swift in Sources */ = {isa = PBXBuildFile; fileRef = 6C0EF05A1C6F785300A53017 /* EventCell.swift */; };
		6C0EF05D1C6F80C600A53017 /* String+Additions.swift in Sources */ = {isa = PBXBuildFile; fileRef = 6C0EF05C1C6F80C600A53017 /* String+Additions.swift */; };
		6C2123F01C6A753100DB7EE7 /* LoginViewController.swift in Sources */ = {isa = PBXBuildFile; fileRef = 6C2123EF1C6A753100DB7EE7 /* LoginViewController.swift */; };
		6C2D28F71C60C496003E5C74 /* Assets.xcassets in Resources */ = {isa = PBXBuildFile; fileRef = 6C2D28F61C60C496003E5C74 /* Assets.xcassets */; };
		6C3144531C71DEA000A138EF /* AboutViewController.swift in Sources */ = {isa = PBXBuildFile; fileRef = 6C3144521C71DEA000A138EF /* AboutViewController.swift */; };
		6C3144551C71DEA800A138EF /* AboutView.swift in Sources */ = {isa = PBXBuildFile; fileRef = 6C3144541C71DEA800A138EF /* AboutView.swift */; };
		6C3144571C71E23400A138EF /* UIImage+Additions.swift in Sources */ = {isa = PBXBuildFile; fileRef = 6C3144561C71E23400A138EF /* UIImage+Additions.swift */; };
		6C31445C1C71FEBF00A138EF /* AboutVersionCell.swift in Sources */ = {isa = PBXBuildFile; fileRef = 6C31445B1C71FEBF00A138EF /* AboutVersionCell.swift */; };
		6C31445E1C71FEFC00A138EF /* AboutLogoCell.swift in Sources */ = {isa = PBXBuildFile; fileRef = 6C31445D1C71FEFC00A138EF /* AboutLogoCell.swift */; };
		6C3144601C71FF4200A138EF /* AboutTextCell.swift in Sources */ = {isa = PBXBuildFile; fileRef = 6C31445F1C71FF4200A138EF /* AboutTextCell.swift */; };
		6C3144621C71FF6400A138EF /* AboutActionCell.swift in Sources */ = {isa = PBXBuildFile; fileRef = 6C3144611C71FF6400A138EF /* AboutActionCell.swift */; };
		6C3144641C72128F00A138EF /* UIColor+HEX.swift in Sources */ = {isa = PBXBuildFile; fileRef = 6C3144631C72128F00A138EF /* UIColor+HEX.swift */; };
		6C3144661C723A2900A138EF /* Exo2-Medium.ttf in Resources */ = {isa = PBXBuildFile; fileRef = 6C3144651C72398D00A138EF /* Exo2-Medium.ttf */; };
		6C402B241C7331BD00E57613 /* Array+Additions.swift in Sources */ = {isa = PBXBuildFile; fileRef = 6C402B231C7331BD00E57613 /* Array+Additions.swift */; };
		6C4390841C6252E100E923D0 /* FacebookManager.swift in Sources */ = {isa = PBXBuildFile; fileRef = 6C4390831C6252E100E923D0 /* FacebookManager.swift */; };
		6C65A1F41C6F8A05009015D1 /* EventListView.swift in Sources */ = {isa = PBXBuildFile; fileRef = 6C65A1F31C6F8A05009015D1 /* EventListView.swift */; };
		6C65A1F91C6F99B0009015D1 /* LoginView.swift in Sources */ = {isa = PBXBuildFile; fileRef = 6C65A1F81C6F99B0009015D1 /* LoginView.swift */; };
		6C7337081C73224300744511 /* ImageCatalog.swift in Sources */ = {isa = PBXBuildFile; fileRef = 6C7337071C73224300744511 /* ImageCatalog.swift */; };
		6C85B2531C74DC2900157C93 /* DetailLabelView.swift in Sources */ = {isa = PBXBuildFile; fileRef = 6C85B2521C74DC2900157C93 /* DetailLabelView.swift */; };
		6C85B2561C74E0E400157C93 /* CreditViewController.swift in Sources */ = {isa = PBXBuildFile; fileRef = 6C85B2551C74E0E400157C93 /* CreditViewController.swift */; };
		6C85B2581C74E15A00157C93 /* CreditView.swift in Sources */ = {isa = PBXBuildFile; fileRef = 6C85B2571C74E15A00157C93 /* CreditView.swift */; };
		6C85B25B1C74EB2F00157C93 /* CreditCell.swift in Sources */ = {isa = PBXBuildFile; fileRef = 6C85B25A1C74EB2F00157C93 /* CreditCell.swift */; };
		6C8AF9D71C6E7FFB004D4789 /* Exo2-Light.ttf in Resources */ = {isa = PBXBuildFile; fileRef = 6C8AF9D51C6E7FF4004D4789 /* Exo2-Light.ttf */; };
		6C8AF9D81C6E7FFB004D4789 /* MyriadPro-BoldCond.otf in Resources */ = {isa = PBXBuildFile; fileRef = 6C8AF9D61C6E7FF4004D4789 /* MyriadPro-BoldCond.otf */; };
		6C8AF9DB1C6E835B004D4789 /* UIFont+NBRO.swift in Sources */ = {isa = PBXBuildFile; fileRef = 6C8AF9DA1C6E835B004D4789 /* UIFont+NBRO.swift */; };
		6C8AF9DD1C6E843D004D4789 /* Exo2-Bold.ttf in Resources */ = {isa = PBXBuildFile; fileRef = 6C8AF9DC1C6E83E3004D4789 /* Exo2-Bold.ttf */; };
		6C9A5C2A1C60BF72007459A8 /* AppDelegate.swift in Sources */ = {isa = PBXBuildFile; fileRef = 6C9A5C291C60BF72007459A8 /* AppDelegate.swift */; };
		6CDDFAF91C6FC988002F9687 /* AnimatedBackgroundView.swift in Sources */ = {isa = PBXBuildFile; fileRef = 6CDDFAF81C6FC988002F9687 /* AnimatedBackgroundView.swift */; };
		6CDDFAFB1C6FD712002F9687 /* LogoCell.swift in Sources */ = {isa = PBXBuildFile; fileRef = 6CDDFAFA1C6FD712002F9687 /* LogoCell.swift */; };
		6CFDC1C61C738DCC009A26F0 /* TransitionManager.swift in Sources */ = {isa = PBXBuildFile; fileRef = 6CFDC1C51C738DCC009A26F0 /* TransitionManager.swift */; };
		D02E19021C6F729300D4C3D5 /* LaunchImageView.swift in Sources */ = {isa = PBXBuildFile; fileRef = D02E19011C6F729300D4C3D5 /* LaunchImageView.swift */; };
		D02E19051C6F793700D4C3D5 /* EventDetailViewController.swift in Sources */ = {isa = PBXBuildFile; fileRef = D02E19041C6F793700D4C3D5 /* EventDetailViewController.swift */; };
		D02E19071C6F794000D4C3D5 /* EventDetailView.swift in Sources */ = {isa = PBXBuildFile; fileRef = D02E19061C6F794000D4C3D5 /* EventDetailView.swift */; };
		D02E190B1C6FA6D500D4C3D5 /* Exo2-SemiBold.ttf in Resources */ = {isa = PBXBuildFile; fileRef = D02E190A1C6FA6D100D4C3D5 /* Exo2-SemiBold.ttf */; };
		D0B0F8FB1C74F79800955461 /* Exo2-Regular.ttf in Resources */ = {isa = PBXBuildFile; fileRef = D0B0F8FA1C74F79800955461 /* Exo2-Regular.ttf */; };
/* End PBXBuildFile section */

/* Begin PBXFileReference section */
		181FC338CA0EF384A74A91FD /* Event.swift */ = {isa = PBXFileReference; fileEncoding = 4; lastKnownFileType = sourcecode.swift; path = Event.swift; sourceTree = "<group>"; };
		181FC69C072EEB0317D5CFC2 /* EventListViewController.swift */ = {isa = PBXFileReference; fileEncoding = 4; lastKnownFileType = sourcecode.swift; path = EventListViewController.swift; sourceTree = "<group>"; };
		6C0EF05A1C6F785300A53017 /* EventCell.swift */ = {isa = PBXFileReference; fileEncoding = 4; lastKnownFileType = sourcecode.swift; name = EventCell.swift; path = Views/EventCell.swift; sourceTree = "<group>"; };
		6C0EF05C1C6F80C600A53017 /* String+Additions.swift */ = {isa = PBXFileReference; fileEncoding = 4; lastKnownFileType = sourcecode.swift; name = "String+Additions.swift"; path = "Extensions/String+Additions.swift"; sourceTree = "<group>"; };
		6C2123EF1C6A753100DB7EE7 /* LoginViewController.swift */ = {isa = PBXFileReference; fileEncoding = 4; lastKnownFileType = sourcecode.swift; path = LoginViewController.swift; sourceTree = "<group>"; };
		6C2D28F61C60C496003E5C74 /* Assets.xcassets */ = {isa = PBXFileReference; lastKnownFileType = folder.assetcatalog; path = Assets.xcassets; sourceTree = "<group>"; };
		6C3144521C71DEA000A138EF /* AboutViewController.swift */ = {isa = PBXFileReference; fileEncoding = 4; lastKnownFileType = sourcecode.swift; path = AboutViewController.swift; sourceTree = "<group>"; };
		6C3144541C71DEA800A138EF /* AboutView.swift */ = {isa = PBXFileReference; fileEncoding = 4; lastKnownFileType = sourcecode.swift; path = AboutView.swift; sourceTree = "<group>"; };
		6C3144561C71E23400A138EF /* UIImage+Additions.swift */ = {isa = PBXFileReference; fileEncoding = 4; lastKnownFileType = sourcecode.swift; name = "UIImage+Additions.swift"; path = "Extensions/UIImage+Additions.swift"; sourceTree = "<group>"; };
		6C31445B1C71FEBF00A138EF /* AboutVersionCell.swift */ = {isa = PBXFileReference; fileEncoding = 4; lastKnownFileType = sourcecode.swift; name = AboutVersionCell.swift; path = Views/AboutVersionCell.swift; sourceTree = "<group>"; };
		6C31445D1C71FEFC00A138EF /* AboutLogoCell.swift */ = {isa = PBXFileReference; fileEncoding = 4; lastKnownFileType = sourcecode.swift; name = AboutLogoCell.swift; path = Views/AboutLogoCell.swift; sourceTree = "<group>"; };
		6C31445F1C71FF4200A138EF /* AboutTextCell.swift */ = {isa = PBXFileReference; fileEncoding = 4; lastKnownFileType = sourcecode.swift; name = AboutTextCell.swift; path = Views/AboutTextCell.swift; sourceTree = "<group>"; };
		6C3144611C71FF6400A138EF /* AboutActionCell.swift */ = {isa = PBXFileReference; fileEncoding = 4; lastKnownFileType = sourcecode.swift; name = AboutActionCell.swift; path = Views/AboutActionCell.swift; sourceTree = "<group>"; };
		6C3144631C72128F00A138EF /* UIColor+HEX.swift */ = {isa = PBXFileReference; fileEncoding = 4; lastKnownFileType = sourcecode.swift; name = "UIColor+HEX.swift"; path = "Extensions/UIColor+HEX.swift"; sourceTree = "<group>"; };
		6C3144651C72398D00A138EF /* Exo2-Medium.ttf */ = {isa = PBXFileReference; lastKnownFileType = file; name = "Exo2-Medium.ttf"; path = "Fonts/Exo2-Medium.ttf"; sourceTree = "<group>"; };
		6C402B231C7331BD00E57613 /* Array+Additions.swift */ = {isa = PBXFileReference; fileEncoding = 4; lastKnownFileType = sourcecode.swift; name = "Array+Additions.swift"; path = "Extensions/Array+Additions.swift"; sourceTree = "<group>"; };
		6C4390831C6252E100E923D0 /* FacebookManager.swift */ = {isa = PBXFileReference; fileEncoding = 4; lastKnownFileType = sourcecode.swift; path = FacebookManager.swift; sourceTree = "<group>"; };
		6C4390851C62537600E923D0 /* Bridging-Header.h */ = {isa = PBXFileReference; lastKnownFileType = sourcecode.c.h; path = "Bridging-Header.h"; sourceTree = "<group>"; };
		6C65A1F31C6F8A05009015D1 /* EventListView.swift */ = {isa = PBXFileReference; fileEncoding = 4; lastKnownFileType = sourcecode.swift; path = EventListView.swift; sourceTree = "<group>"; };
		6C65A1F81C6F99B0009015D1 /* LoginView.swift */ = {isa = PBXFileReference; fileEncoding = 4; lastKnownFileType = sourcecode.swift; path = LoginView.swift; sourceTree = "<group>"; };
		6C7337071C73224300744511 /* ImageCatalog.swift */ = {isa = PBXFileReference; fileEncoding = 4; lastKnownFileType = sourcecode.swift; name = ImageCatalog.swift; path = Managers/ImageCatalog.swift; sourceTree = "<group>"; };
		6C85B2521C74DC2900157C93 /* DetailLabelView.swift */ = {isa = PBXFileReference; fileEncoding = 4; lastKnownFileType = sourcecode.swift; path = DetailLabelView.swift; sourceTree = "<group>"; };
		6C85B2551C74E0E400157C93 /* CreditViewController.swift */ = {isa = PBXFileReference; fileEncoding = 4; lastKnownFileType = sourcecode.swift; path = CreditViewController.swift; sourceTree = "<group>"; };
		6C85B2571C74E15A00157C93 /* CreditView.swift */ = {isa = PBXFileReference; fileEncoding = 4; lastKnownFileType = sourcecode.swift; path = CreditView.swift; sourceTree = "<group>"; };
		6C85B25A1C74EB2F00157C93 /* CreditCell.swift */ = {isa = PBXFileReference; fileEncoding = 4; lastKnownFileType = sourcecode.swift; path = CreditCell.swift; sourceTree = "<group>"; };
		6C8AF9D51C6E7FF4004D4789 /* Exo2-Light.ttf */ = {isa = PBXFileReference; lastKnownFileType = file; name = "Exo2-Light.ttf"; path = "Fonts/Exo2-Light.ttf"; sourceTree = "<group>"; };
		6C8AF9D61C6E7FF4004D4789 /* MyriadPro-BoldCond.otf */ = {isa = PBXFileReference; lastKnownFileType = file; name = "MyriadPro-BoldCond.otf"; path = "Fonts/MyriadPro-BoldCond.otf"; sourceTree = "<group>"; };
		6C8AF9DA1C6E835B004D4789 /* UIFont+NBRO.swift */ = {isa = PBXFileReference; fileEncoding = 4; lastKnownFileType = sourcecode.swift; path = "UIFont+NBRO.swift"; sourceTree = "<group>"; };
		6C8AF9DC1C6E83E3004D4789 /* Exo2-Bold.ttf */ = {isa = PBXFileReference; lastKnownFileType = file; name = "Exo2-Bold.ttf"; path = "Fonts/Exo2-Bold.ttf"; sourceTree = "<group>"; };
		6C9A5C261C60BF72007459A8 /* nbro.app */ = {isa = PBXFileReference; explicitFileType = wrapper.application; includeInIndex = 0; path = nbro.app; sourceTree = BUILT_PRODUCTS_DIR; };
		6C9A5C291C60BF72007459A8 /* AppDelegate.swift */ = {isa = PBXFileReference; lastKnownFileType = sourcecode.swift; path = AppDelegate.swift; sourceTree = "<group>"; };
		6C9A5C351C60BF72007459A8 /* Info.plist */ = {isa = PBXFileReference; lastKnownFileType = text.plist.xml; path = Info.plist; sourceTree = "<group>"; };
		6CDDFAF81C6FC988002F9687 /* AnimatedBackgroundView.swift */ = {isa = PBXFileReference; fileEncoding = 4; lastKnownFileType = sourcecode.swift; name = AnimatedBackgroundView.swift; path = Views/AnimatedBackgroundView.swift; sourceTree = "<group>"; };
		6CDDFAFA1C6FD712002F9687 /* LogoCell.swift */ = {isa = PBXFileReference; fileEncoding = 4; lastKnownFileType = sourcecode.swift; path = LogoCell.swift; sourceTree = "<group>"; };
		6CFDC1C51C738DCC009A26F0 /* TransitionManager.swift */ = {isa = PBXFileReference; fileEncoding = 4; lastKnownFileType = sourcecode.swift; name = TransitionManager.swift; path = Managers/TransitionManager.swift; sourceTree = "<group>"; };
		88FF588C998267B45821BDEE /* Pods.debug.xcconfig */ = {isa = PBXFileReference; includeInIndex = 1; lastKnownFileType = text.xcconfig; name = Pods.debug.xcconfig; path = "Pods/Target Support Files/Pods/Pods.debug.xcconfig"; sourceTree = "<group>"; };
		8E9C014E4848CAD8A82E5466 /* Pods.framework */ = {isa = PBXFileReference; explicitFileType = wrapper.framework; includeInIndex = 0; path = Pods.framework; sourceTree = BUILT_PRODUCTS_DIR; };
		D02E19011C6F729300D4C3D5 /* LaunchImageView.swift */ = {isa = PBXFileReference; fileEncoding = 4; lastKnownFileType = sourcecode.swift; path = LaunchImageView.swift; sourceTree = "<group>"; };
		D02E19041C6F793700D4C3D5 /* EventDetailViewController.swift */ = {isa = PBXFileReference; fileEncoding = 4; lastKnownFileType = sourcecode.swift; path = EventDetailViewController.swift; sourceTree = "<group>"; };
		D02E19061C6F794000D4C3D5 /* EventDetailView.swift */ = {isa = PBXFileReference; fileEncoding = 4; lastKnownFileType = sourcecode.swift; path = EventDetailView.swift; sourceTree = "<group>"; };
		D02E190A1C6FA6D100D4C3D5 /* Exo2-SemiBold.ttf */ = {isa = PBXFileReference; lastKnownFileType = file; path = "Exo2-SemiBold.ttf"; sourceTree = "<group>"; };
		D0B0F8FA1C74F79800955461 /* Exo2-Regular.ttf */ = {isa = PBXFileReference; lastKnownFileType = file; path = "Exo2-Regular.ttf"; sourceTree = "<group>"; };
		E92275841A0C1BB365AF4F45 /* Pods.release.xcconfig */ = {isa = PBXFileReference; includeInIndex = 1; lastKnownFileType = text.xcconfig; name = Pods.release.xcconfig; path = "Pods/Target Support Files/Pods/Pods.release.xcconfig"; sourceTree = "<group>"; };
/* End PBXFileReference section */

/* Begin PBXFrameworksBuildPhase section */
		6C9A5C231C60BF72007459A8 /* Frameworks */ = {
			isa = PBXFrameworksBuildPhase;
			buildActionMask = 2147483647;
			files = (
				2F4B46A226861FCB70A3CF50 /* Pods.framework in Frameworks */,
			);
			runOnlyForDeploymentPostprocessing = 0;
		};
/* End PBXFrameworksBuildPhase section */

/* Begin PBXGroup section */
		181FC285B7EFE73C3057C11A /* ViewControllers */ = {
			isa = PBXGroup;
			children = (
				6C85B2541C74E0B700157C93 /* Credit */,
				6C3144511C71DE7900A138EF /* About */,
				6C65A1F51C6F8C42009015D1 /* Login */,
				6C65A1F21C6F89EA009015D1 /* EventList */,
				D02E19031C6F792300D4C3D5 /* EventDetail */,
			);
			path = ViewControllers;
			sourceTree = "<group>";
		};
		181FC99C36C53CE439F618A7 /* Models */ = {
			isa = PBXGroup;
			children = (
				181FC338CA0EF384A74A91FD /* Event.swift */,
			);
			path = Models;
			sourceTree = "<group>";
		};
		6C3144511C71DE7900A138EF /* About */ = {
			isa = PBXGroup;
			children = (
				6C3144521C71DEA000A138EF /* AboutViewController.swift */,
				6C3144541C71DEA800A138EF /* AboutView.swift */,
			);
			name = About;
			sourceTree = "<group>";
		};
		6C3144581C71FE3D00A138EF /* Cells */ = {
			isa = PBXGroup;
			children = (
				6C85B2591C74E64900157C93 /* Credit */,
				6C31445A1C71FE4F00A138EF /* EventList */,
				6C3144591C71FE4700A138EF /* About */,
			);
			name = Cells;
			sourceTree = "<group>";
		};
		6C3144591C71FE4700A138EF /* About */ = {
			isa = PBXGroup;
			children = (
				6C31445B1C71FEBF00A138EF /* AboutVersionCell.swift */,
				6C31445D1C71FEFC00A138EF /* AboutLogoCell.swift */,
				6C31445F1C71FF4200A138EF /* AboutTextCell.swift */,
				6C3144611C71FF6400A138EF /* AboutActionCell.swift */,
			);
			name = About;
			sourceTree = "<group>";
		};
		6C31445A1C71FE4F00A138EF /* EventList */ = {
			isa = PBXGroup;
			children = (
				6CDDFAFA1C6FD712002F9687 /* LogoCell.swift */,
				6C0EF05A1C6F785300A53017 /* EventCell.swift */,
			);
			name = EventList;
			sourceTree = "<group>";
		};
		6C4390801C62529800E923D0 /* Managers */ = {
			isa = PBXGroup;
			children = (
				6C4390831C6252E100E923D0 /* FacebookManager.swift */,
				6C7337071C73224300744511 /* ImageCatalog.swift */,
				6CFDC1C51C738DCC009A26F0 /* TransitionManager.swift */,
			);
			name = Managers;
			sourceTree = "<group>";
		};
		6C65A1F21C6F89EA009015D1 /* EventList */ = {
			isa = PBXGroup;
			children = (
				181FC69C072EEB0317D5CFC2 /* EventListViewController.swift */,
				6C65A1F31C6F8A05009015D1 /* EventListView.swift */,
			);
			name = EventList;
			sourceTree = "<group>";
		};
		6C65A1F51C6F8C42009015D1 /* Login */ = {
			isa = PBXGroup;
			children = (
				6C2123EF1C6A753100DB7EE7 /* LoginViewController.swift */,
				6C65A1F81C6F99B0009015D1 /* LoginView.swift */,
			);
			name = Login;
			sourceTree = "<group>";
		};
		6C85B2541C74E0B700157C93 /* Credit */ = {
			isa = PBXGroup;
			children = (
				6C85B2551C74E0E400157C93 /* CreditViewController.swift */,
				6C85B2571C74E15A00157C93 /* CreditView.swift */,
			);
			name = Credit;
			sourceTree = "<group>";
		};
		6C85B2591C74E64900157C93 /* Credit */ = {
			isa = PBXGroup;
			children = (
				6C85B25A1C74EB2F00157C93 /* CreditCell.swift */,
			);
			name = Credit;
			sourceTree = "<group>";
		};
		6C8AF9D41C6E7FE8004D4789 /* Fonts */ = {
			isa = PBXGroup;
			children = (
				D0B0F8FA1C74F79800955461 /* Exo2-Regular.ttf */,
				6C3144651C72398D00A138EF /* Exo2-Medium.ttf */,
				D02E190A1C6FA6D100D4C3D5 /* Exo2-SemiBold.ttf */,
				6C8AF9DC1C6E83E3004D4789 /* Exo2-Bold.ttf */,
				6C8AF9D51C6E7FF4004D4789 /* Exo2-Light.ttf */,
				6C8AF9D61C6E7FF4004D4789 /* MyriadPro-BoldCond.otf */,
			);
			name = Fonts;
			sourceTree = "<group>";
		};
		6C8AF9D91C6E8336004D4789 /* Extension */ = {
			isa = PBXGroup;
			children = (
				6C8AF9DA1C6E835B004D4789 /* UIFont+NBRO.swift */,
				6C0EF05C1C6F80C600A53017 /* String+Additions.swift */,
				6C3144561C71E23400A138EF /* UIImage+Additions.swift */,
				6C3144631C72128F00A138EF /* UIColor+HEX.swift */,
				6C402B231C7331BD00E57613 /* Array+Additions.swift */,
			);
			name = Extension;
			sourceTree = "<group>";
		};
		6C9A5C1D1C60BF72007459A8 = {
			isa = PBXGroup;
			children = (
				6C9A5C281C60BF72007459A8 /* nbro */,
				6C9A5C271C60BF72007459A8 /* Products */,
				D740DC55ADB0BD5D902C4B39 /* Pods */,
				A05B29ACBF8D0F7572CDE138 /* Frameworks */,
			);
			sourceTree = "<group>";
		};
		6C9A5C271C60BF72007459A8 /* Products */ = {
			isa = PBXGroup;
			children = (
				6C9A5C261C60BF72007459A8 /* nbro.app */,
			);
			name = Products;
			sourceTree = "<group>";
		};
		6C9A5C281C60BF72007459A8 /* nbro */ = {
			isa = PBXGroup;
			children = (
				D02E19001C6F728A00D4C3D5 /* Views */,
				6C8AF9D91C6E8336004D4789 /* Extension */,
				6C8AF9D41C6E7FE8004D4789 /* Fonts */,
				6C4390801C62529800E923D0 /* Managers */,
				6C2D28F61C60C496003E5C74 /* Assets.xcassets */,
				6C9A5C291C60BF72007459A8 /* AppDelegate.swift */,
				6C9A5C351C60BF72007459A8 /* Info.plist */,
				181FC285B7EFE73C3057C11A /* ViewControllers */,
				6C4390851C62537600E923D0 /* Bridging-Header.h */,
				181FC99C36C53CE439F618A7 /* Models */,
			);
			path = nbro;
			sourceTree = "<group>";
		};
		A05B29ACBF8D0F7572CDE138 /* Frameworks */ = {
			isa = PBXGroup;
			children = (
				8E9C014E4848CAD8A82E5466 /* Pods.framework */,
			);
			name = Frameworks;
			sourceTree = "<group>";
		};
		D02E19001C6F728A00D4C3D5 /* Views */ = {
			isa = PBXGroup;
			children = (
				6C3144581C71FE3D00A138EF /* Cells */,
				D02E19011C6F729300D4C3D5 /* LaunchImageView.swift */,
				6CDDFAF81C6FC988002F9687 /* AnimatedBackgroundView.swift */,
				6C85B2521C74DC2900157C93 /* DetailLabelView.swift */,
			);
			name = Views;
			sourceTree = "<group>";
		};
		D02E19031C6F792300D4C3D5 /* EventDetail */ = {
			isa = PBXGroup;
			children = (
				D02E19041C6F793700D4C3D5 /* EventDetailViewController.swift */,
				D02E19061C6F794000D4C3D5 /* EventDetailView.swift */,
			);
			name = EventDetail;
			sourceTree = "<group>";
		};
		D740DC55ADB0BD5D902C4B39 /* Pods */ = {
			isa = PBXGroup;
			children = (
				88FF588C998267B45821BDEE /* Pods.debug.xcconfig */,
				E92275841A0C1BB365AF4F45 /* Pods.release.xcconfig */,
			);
			name = Pods;
			sourceTree = "<group>";
		};
/* End PBXGroup section */

/* Begin PBXNativeTarget section */
		6C9A5C251C60BF72007459A8 /* nbro */ = {
			isa = PBXNativeTarget;
			buildConfigurationList = 6C9A5C381C60BF72007459A8 /* Build configuration list for PBXNativeTarget "nbro" */;
			buildPhases = (
				05E1ACDE96F647C4D2790026 /* Check Pods Manifest.lock */,
				6C9A5C221C60BF72007459A8 /* Sources */,
				6C9A5C231C60BF72007459A8 /* Frameworks */,
				6C9A5C241C60BF72007459A8 /* Resources */,
				34DC1683CDD0DBD4F1F35FE7 /* Embed Pods Frameworks */,
				3B9D4AD1FDEFC73B288A6136 /* Copy Pods Resources */,
			);
			buildRules = (
			);
			dependencies = (
			);
			name = nbro;
			productName = nbro;
			productReference = 6C9A5C261C60BF72007459A8 /* nbro.app */;
			productType = "com.apple.product-type.application";
		};
/* End PBXNativeTarget section */

/* Begin PBXProject section */
		6C9A5C1E1C60BF72007459A8 /* Project object */ = {
			isa = PBXProject;
			attributes = {
				LastSwiftUpdateCheck = 0720;
				LastUpgradeCheck = 0720;
				ORGANIZATIONNAME = Bob;
				TargetAttributes = {
					6C9A5C251C60BF72007459A8 = {
						CreatedOnToolsVersion = 7.2;
						DevelopmentTeam = 6QPB2W4T9D;
					};
				};
			};
			buildConfigurationList = 6C9A5C211C60BF72007459A8 /* Build configuration list for PBXProject "nbro" */;
			compatibilityVersion = "Xcode 3.2";
			developmentRegion = English;
			hasScannedForEncodings = 0;
			knownRegions = (
				en,
				Base,
			);
			mainGroup = 6C9A5C1D1C60BF72007459A8;
			productRefGroup = 6C9A5C271C60BF72007459A8 /* Products */;
			projectDirPath = "";
			projectRoot = "";
			targets = (
				6C9A5C251C60BF72007459A8 /* nbro */,
			);
		};
/* End PBXProject section */

/* Begin PBXResourcesBuildPhase section */
		6C9A5C241C60BF72007459A8 /* Resources */ = {
			isa = PBXResourcesBuildPhase;
			buildActionMask = 2147483647;
			files = (
				6C8AF9D71C6E7FFB004D4789 /* Exo2-Light.ttf in Resources */,
				6C3144661C723A2900A138EF /* Exo2-Medium.ttf in Resources */,
				6C8AF9DD1C6E843D004D4789 /* Exo2-Bold.ttf in Resources */,
				D02E190B1C6FA6D500D4C3D5 /* Exo2-SemiBold.ttf in Resources */,
				D0B0F8FB1C74F79800955461 /* Exo2-Regular.ttf in Resources */,
				6C8AF9D81C6E7FFB004D4789 /* MyriadPro-BoldCond.otf in Resources */,
				6C2D28F71C60C496003E5C74 /* Assets.xcassets in Resources */,
			);
			runOnlyForDeploymentPostprocessing = 0;
		};
/* End PBXResourcesBuildPhase section */

/* Begin PBXShellScriptBuildPhase section */
		05E1ACDE96F647C4D2790026 /* Check Pods Manifest.lock */ = {
			isa = PBXShellScriptBuildPhase;
			buildActionMask = 2147483647;
			files = (
			);
			inputPaths = (
			);
			name = "Check Pods Manifest.lock";
			outputPaths = (
			);
			runOnlyForDeploymentPostprocessing = 0;
			shellPath = /bin/sh;
			shellScript = "diff \"${PODS_ROOT}/../Podfile.lock\" \"${PODS_ROOT}/Manifest.lock\" > /dev/null\nif [[ $? != 0 ]] ; then\n    cat << EOM\nerror: The sandbox is not in sync with the Podfile.lock. Run 'pod install' or update your CocoaPods installation.\nEOM\n    exit 1\nfi\n";
			showEnvVarsInLog = 0;
		};
		34DC1683CDD0DBD4F1F35FE7 /* Embed Pods Frameworks */ = {
			isa = PBXShellScriptBuildPhase;
			buildActionMask = 2147483647;
			files = (
			);
			inputPaths = (
			);
			name = "Embed Pods Frameworks";
			outputPaths = (
			);
			runOnlyForDeploymentPostprocessing = 0;
			shellPath = /bin/sh;
			shellScript = "\"${SRCROOT}/Pods/Target Support Files/Pods/Pods-frameworks.sh\"\n";
			showEnvVarsInLog = 0;
		};
		3B9D4AD1FDEFC73B288A6136 /* Copy Pods Resources */ = {
			isa = PBXShellScriptBuildPhase;
			buildActionMask = 2147483647;
			files = (
			);
			inputPaths = (
			);
			name = "Copy Pods Resources";
			outputPaths = (
			);
			runOnlyForDeploymentPostprocessing = 0;
			shellPath = /bin/sh;
			shellScript = "\"${SRCROOT}/Pods/Target Support Files/Pods/Pods-resources.sh\"\n";
			showEnvVarsInLog = 0;
		};
/* End PBXShellScriptBuildPhase section */

/* Begin PBXSourcesBuildPhase section */
		6C9A5C221C60BF72007459A8 /* Sources */ = {
			isa = PBXSourcesBuildPhase;
			buildActionMask = 2147483647;
			files = (
				6C4390841C6252E100E923D0 /* FacebookManager.swift in Sources */,
				6C0EF05B1C6F785300A53017 /* EventCell.swift in Sources */,
				6C3144551C71DEA800A138EF /* AboutView.swift in Sources */,
				D02E19021C6F729300D4C3D5 /* LaunchImageView.swift in Sources */,
				6C65A1F41C6F8A05009015D1 /* EventListView.swift in Sources */,
				6C402B241C7331BD00E57613 /* Array+Additions.swift in Sources */,
				6C31445E1C71FEFC00A138EF /* AboutLogoCell.swift in Sources */,
				6C85B2561C74E0E400157C93 /* CreditViewController.swift in Sources */,
				6C9A5C2A1C60BF72007459A8 /* AppDelegate.swift in Sources */,
				181FC20B9B42C364690B0448 /* EventListViewController.swift in Sources */,
				6C85B25B1C74EB2F00157C93 /* CreditCell.swift in Sources */,
				6C3144571C71E23400A138EF /* UIImage+Additions.swift in Sources */,
				6C3144601C71FF4200A138EF /* AboutTextCell.swift in Sources */,
				6C0EF05D1C6F80C600A53017 /* String+Additions.swift in Sources */,
				6C3144641C72128F00A138EF /* UIColor+HEX.swift in Sources */,
				6C2123F01C6A753100DB7EE7 /* LoginViewController.swift in Sources */,
				6C7337081C73224300744511 /* ImageCatalog.swift in Sources */,
				D02E19071C6F794000D4C3D5 /* EventDetailView.swift in Sources */,
				6CFDC1C61C738DCC009A26F0 /* TransitionManager.swift in Sources */,
				6CDDFAF91C6FC988002F9687 /* AnimatedBackgroundView.swift in Sources */,
				6C8AF9DB1C6E835B004D4789 /* UIFont+NBRO.swift in Sources */,
				6C31445C1C71FEBF00A138EF /* AboutVersionCell.swift in Sources */,
				6CDDFAFB1C6FD712002F9687 /* LogoCell.swift in Sources */,
				6C65A1F91C6F99B0009015D1 /* LoginView.swift in Sources */,
				6C85B2581C74E15A00157C93 /* CreditView.swift in Sources */,
				D02E19051C6F793700D4C3D5 /* EventDetailViewController.swift in Sources */,
				6C3144531C71DEA000A138EF /* AboutViewController.swift in Sources */,
				6C85B2531C74DC2900157C93 /* DetailLabelView.swift in Sources */,
				181FC68ED212E98808EB164D /* Event.swift in Sources */,
				6C3144621C71FF6400A138EF /* AboutActionCell.swift in Sources */,
			);
			runOnlyForDeploymentPostprocessing = 0;
		};
/* End PBXSourcesBuildPhase section */

/* Begin XCBuildConfiguration section */
		6C9A5C361C60BF72007459A8 /* Debug */ = {
			isa = XCBuildConfiguration;
			buildSettings = {
				ALWAYS_SEARCH_USER_PATHS = NO;
				CLANG_CXX_LANGUAGE_STANDARD = "gnu++0x";
				CLANG_CXX_LIBRARY = "libc++";
				CLANG_ENABLE_MODULES = YES;
				CLANG_ENABLE_OBJC_ARC = YES;
				CLANG_WARN_BOOL_CONVERSION = YES;
				CLANG_WARN_CONSTANT_CONVERSION = YES;
				CLANG_WARN_DIRECT_OBJC_ISA_USAGE = YES_ERROR;
				CLANG_WARN_EMPTY_BODY = YES;
				CLANG_WARN_ENUM_CONVERSION = YES;
				CLANG_WARN_INT_CONVERSION = YES;
				CLANG_WARN_OBJC_ROOT_CLASS = YES_ERROR;
				CLANG_WARN_UNREACHABLE_CODE = YES;
				CLANG_WARN__DUPLICATE_METHOD_MATCH = YES;
				"CODE_SIGN_IDENTITY[sdk=iphoneos*]" = "iPhone Developer";
				COPY_PHASE_STRIP = NO;
				DEBUG_INFORMATION_FORMAT = dwarf;
				ENABLE_STRICT_OBJC_MSGSEND = YES;
				ENABLE_TESTABILITY = YES;
				GCC_C_LANGUAGE_STANDARD = gnu99;
				GCC_DYNAMIC_NO_PIC = NO;
				GCC_NO_COMMON_BLOCKS = YES;
				GCC_OPTIMIZATION_LEVEL = 0;
				GCC_PREPROCESSOR_DEFINITIONS = (
					"DEBUG=1",
					"$(inherited)",
				);
				GCC_WARN_64_TO_32_BIT_CONVERSION = YES;
				GCC_WARN_ABOUT_RETURN_TYPE = YES_ERROR;
				GCC_WARN_UNDECLARED_SELECTOR = YES;
				GCC_WARN_UNINITIALIZED_AUTOS = YES_AGGRESSIVE;
				GCC_WARN_UNUSED_FUNCTION = YES;
				GCC_WARN_UNUSED_VARIABLE = YES;
				IPHONEOS_DEPLOYMENT_TARGET = 9.2;
				MTL_ENABLE_DEBUG_INFO = YES;
				ONLY_ACTIVE_ARCH = YES;
				SDKROOT = iphoneos;
				SWIFT_OPTIMIZATION_LEVEL = "-Onone";
			};
			name = Debug;
		};
		6C9A5C371C60BF72007459A8 /* Release */ = {
			isa = XCBuildConfiguration;
			buildSettings = {
				ALWAYS_SEARCH_USER_PATHS = NO;
				CLANG_CXX_LANGUAGE_STANDARD = "gnu++0x";
				CLANG_CXX_LIBRARY = "libc++";
				CLANG_ENABLE_MODULES = YES;
				CLANG_ENABLE_OBJC_ARC = YES;
				CLANG_WARN_BOOL_CONVERSION = YES;
				CLANG_WARN_CONSTANT_CONVERSION = YES;
				CLANG_WARN_DIRECT_OBJC_ISA_USAGE = YES_ERROR;
				CLANG_WARN_EMPTY_BODY = YES;
				CLANG_WARN_ENUM_CONVERSION = YES;
				CLANG_WARN_INT_CONVERSION = YES;
				CLANG_WARN_OBJC_ROOT_CLASS = YES_ERROR;
				CLANG_WARN_UNREACHABLE_CODE = YES;
				CLANG_WARN__DUPLICATE_METHOD_MATCH = YES;
				"CODE_SIGN_IDENTITY[sdk=iphoneos*]" = "iPhone Developer";
				COPY_PHASE_STRIP = NO;
				DEBUG_INFORMATION_FORMAT = "dwarf-with-dsym";
				ENABLE_NS_ASSERTIONS = NO;
				ENABLE_STRICT_OBJC_MSGSEND = YES;
				GCC_C_LANGUAGE_STANDARD = gnu99;
				GCC_NO_COMMON_BLOCKS = YES;
				GCC_WARN_64_TO_32_BIT_CONVERSION = YES;
				GCC_WARN_ABOUT_RETURN_TYPE = YES_ERROR;
				GCC_WARN_UNDECLARED_SELECTOR = YES;
				GCC_WARN_UNINITIALIZED_AUTOS = YES_AGGRESSIVE;
				GCC_WARN_UNUSED_FUNCTION = YES;
				GCC_WARN_UNUSED_VARIABLE = YES;
				IPHONEOS_DEPLOYMENT_TARGET = 9.2;
				MTL_ENABLE_DEBUG_INFO = NO;
				SDKROOT = iphoneos;
				VALIDATE_PRODUCT = YES;
			};
			name = Release;
		};
		6C9A5C391C60BF72007459A8 /* Debug */ = {
			isa = XCBuildConfiguration;
			baseConfigurationReference = 88FF588C998267B45821BDEE /* Pods.debug.xcconfig */;
			buildSettings = {
				ASSETCATALOG_COMPILER_APPICON_NAME = AppIcon;
				ASSETCATALOG_COMPILER_LAUNCHIMAGE_NAME = LaunchImage;
				CODE_SIGN_IDENTITY = "iPhone Developer";
				"CODE_SIGN_IDENTITY[sdk=iphoneos*]" = "iPhone Developer";
				CURRENT_PROJECT_VERSION = 6;
				INFOPLIST_FILE = nbro/Info.plist;
				IPHONEOS_DEPLOYMENT_TARGET = 9.0;
				LD_RUNPATH_SEARCH_PATHS = "$(inherited) @executable_path/Frameworks";
				PRODUCT_BUNDLE_IDENTIFIER = com.nbrorunning.app;
				PRODUCT_NAME = "$(TARGET_NAME)";
				PROVISIONING_PROFILE = "";
				SWIFT_OBJC_BRIDGING_HEADER = "$(PROJECT_NAME)/Bridging-Header.h";
			};
			name = Debug;
		};
		6C9A5C3A1C60BF72007459A8 /* Release */ = {
			isa = XCBuildConfiguration;
			baseConfigurationReference = E92275841A0C1BB365AF4F45 /* Pods.release.xcconfig */;
			buildSettings = {
				ASSETCATALOG_COMPILER_APPICON_NAME = AppIcon;
				ASSETCATALOG_COMPILER_LAUNCHIMAGE_NAME = LaunchImage;
				CODE_SIGN_IDENTITY = "iPhone Developer";
				"CODE_SIGN_IDENTITY[sdk=iphoneos*]" = "iPhone Distribution: Casper Storm Larsen (6QPB2W4T9D)";
				CURRENT_PROJECT_VERSION = 6;
				INFOPLIST_FILE = nbro/Info.plist;
				IPHONEOS_DEPLOYMENT_TARGET = 9.0;
				LD_RUNPATH_SEARCH_PATHS = "$(inherited) @executable_path/Frameworks";
				PRODUCT_BUNDLE_IDENTIFIER = com.nbrorunning.app;
				PRODUCT_NAME = "$(TARGET_NAME)";
				PROVISIONING_PROFILE = "d8dafcc9-e3b2-449f-babc-4625262dfe7f";
				SWIFT_OBJC_BRIDGING_HEADER = "$(PROJECT_NAME)/Bridging-Header.h";
			};
			name = Release;
		};
/* End XCBuildConfiguration section */

/* Begin XCConfigurationList section */
		6C9A5C211C60BF72007459A8 /* Build configuration list for PBXProject "nbro" */ = {
			isa = XCConfigurationList;
			buildConfigurations = (
				6C9A5C361C60BF72007459A8 /* Debug */,
				6C9A5C371C60BF72007459A8 /* Release */,
			);
			defaultConfigurationIsVisible = 0;
			defaultConfigurationName = Release;
		};
		6C9A5C381C60BF72007459A8 /* Build configuration list for PBXNativeTarget "nbro" */ = {
			isa = XCConfigurationList;
			buildConfigurations = (
				6C9A5C391C60BF72007459A8 /* Debug */,
				6C9A5C3A1C60BF72007459A8 /* Release */,
			);
			defaultConfigurationIsVisible = 0;
			defaultConfigurationName = Release;
		};
/* End XCConfigurationList section */
	};
	rootObject = 6C9A5C1E1C60BF72007459A8 /* Project object */;
}
