// !$*UTF8*$!
{
	archiveVersion = 1;
	classes = {
	};
	objectVersion = 46;
	objects = {

/* Begin PBXBuildFile section */
		181FC20B9B42C364690B0448 /* EventListViewController.swift in Sources */ = {isa = PBXBuildFile; fileRef = 181FC69C072EEB0317D5CFC2 /* EventListViewController.swift */; };
		181FC68ED212E98808EB164D /* Event.swift in Sources */ = {isa = PBXBuildFile; fileRef = 181FC338CA0EF384A74A91FD /* Event.swift */; };
		684FF2F8201B813E006F2B31 /* sticker_long_black.svg in Resources */ = {isa = PBXBuildFile; fileRef = 684FF2E9201B813C006F2B31 /* sticker_long_black.svg */; };
		684FF2F9201B813E006F2B31 /* sticker_run-repeat_black.svg in Resources */ = {isa = PBXBuildFile; fileRef = 684FF2EA201B813D006F2B31 /* sticker_run-repeat_black.svg */; };
		684FF2FA201B813E006F2B31 /* sticker_tgit_black.svg in Resources */ = {isa = PBXBuildFile; fileRef = 684FF2EB201B813D006F2B31 /* sticker_tgit_black.svg */; };
		684FF2FB201B813E006F2B31 /* sticker_mellow_black.svg in Resources */ = {isa = PBXBuildFile; fileRef = 684FF2EC201B813D006F2B31 /* sticker_mellow_black.svg */; };
		684FF2FC201B813E006F2B31 /* sticker_neverrunalone_black.svg in Resources */ = {isa = PBXBuildFile; fileRef = 684FF2ED201B813D006F2B31 /* sticker_neverrunalone_black.svg */; };
		684FF2FD201B813E006F2B31 /* sticker_sunday_black.svg in Resources */ = {isa = PBXBuildFile; fileRef = 684FF2EE201B813D006F2B31 /* sticker_sunday_black.svg */; };
		684FF2FE201B813E006F2B31 /* sticker_nbro_alt_black.svg in Resources */ = {isa = PBXBuildFile; fileRef = 684FF2EF201B813D006F2B31 /* sticker_nbro_alt_black.svg */; };
		684FF2FF201B813E006F2B31 /* sticker_runner_black.svg in Resources */ = {isa = PBXBuildFile; fileRef = 684FF2F0201B813D006F2B31 /* sticker_runner_black.svg */; };
		684FF300201B813E006F2B31 /* sticker_friday_black.svg in Resources */ = {isa = PBXBuildFile; fileRef = 684FF2F1201B813D006F2B31 /* sticker_friday_black.svg */; };
		684FF301201B813E006F2B31 /* sticker_madness_black.svg in Resources */ = {isa = PBXBuildFile; fileRef = 684FF2F2201B813D006F2B31 /* sticker_madness_black.svg */; };
		684FF302201B813E006F2B31 /* sticker_btg_black.svg in Resources */ = {isa = PBXBuildFile; fileRef = 684FF2F3201B813D006F2B31 /* sticker_btg_black.svg */; };
		684FF303201B813E006F2B31 /* sticker_daf_black.svg in Resources */ = {isa = PBXBuildFile; fileRef = 684FF2F4201B813D006F2B31 /* sticker_daf_black.svg */; };
		684FF304201B813E006F2B31 /* sticker_foamfinger_black.svg in Resources */ = {isa = PBXBuildFile; fileRef = 684FF2F5201B813D006F2B31 /* sticker_foamfinger_black.svg */; };
		684FF306201B813E006F2B31 /* sticker_bloody_black.svg in Resources */ = {isa = PBXBuildFile; fileRef = 684FF2F7201B813E006F2B31 /* sticker_bloody_black.svg */; };
		684FF316201B83F3006F2B31 /* sticker_daf_white.svg in Resources */ = {isa = PBXBuildFile; fileRef = 684FF307201B83F1006F2B31 /* sticker_daf_white.svg */; };
		684FF317201B83F3006F2B31 /* sticker_runner_white.svg in Resources */ = {isa = PBXBuildFile; fileRef = 684FF308201B83F1006F2B31 /* sticker_runner_white.svg */; };
		684FF318201B83F3006F2B31 /* sticker_nbro_alt_white.svg in Resources */ = {isa = PBXBuildFile; fileRef = 684FF309201B83F1006F2B31 /* sticker_nbro_alt_white.svg */; };
		684FF319201B83F3006F2B31 /* sticker_long_white.svg in Resources */ = {isa = PBXBuildFile; fileRef = 684FF30A201B83F1006F2B31 /* sticker_long_white.svg */; };
		684FF31A201B83F3006F2B31 /* sticker_mellow_white.svg in Resources */ = {isa = PBXBuildFile; fileRef = 684FF30B201B83F1006F2B31 /* sticker_mellow_white.svg */; };
		684FF31B201B83F3006F2B31 /* sticker_bloody_white.svg in Resources */ = {isa = PBXBuildFile; fileRef = 684FF30C201B83F2006F2B31 /* sticker_bloody_white.svg */; };
		684FF31C201B83F3006F2B31 /* sticker_neverrunalone_white.svg in Resources */ = {isa = PBXBuildFile; fileRef = 684FF30D201B83F2006F2B31 /* sticker_neverrunalone_white.svg */; };
		684FF31D201B83F3006F2B31 /* sticker_btg_white.svg in Resources */ = {isa = PBXBuildFile; fileRef = 684FF30E201B83F2006F2B31 /* sticker_btg_white.svg */; };
		684FF31E201B83F3006F2B31 /* sticker_nbro_white.svg in Resources */ = {isa = PBXBuildFile; fileRef = 684FF30F201B83F2006F2B31 /* sticker_nbro_white.svg */; };
		684FF31F201B83F3006F2B31 /* sticker_foamfinger_white.svg in Resources */ = {isa = PBXBuildFile; fileRef = 684FF310201B83F2006F2B31 /* sticker_foamfinger_white.svg */; };
		684FF320201B83F3006F2B31 /* sticker_tgit_white.svg in Resources */ = {isa = PBXBuildFile; fileRef = 684FF311201B83F3006F2B31 /* sticker_tgit_white.svg */; };
		684FF321201B83F3006F2B31 /* sticker_run-repeat_white.svg in Resources */ = {isa = PBXBuildFile; fileRef = 684FF312201B83F3006F2B31 /* sticker_run-repeat_white.svg */; };
		684FF322201B83F3006F2B31 /* sticker_friday_white.svg in Resources */ = {isa = PBXBuildFile; fileRef = 684FF313201B83F3006F2B31 /* sticker_friday_white.svg */; };
		684FF323201B83F3006F2B31 /* sticker_madness_white.svg in Resources */ = {isa = PBXBuildFile; fileRef = 684FF314201B83F3006F2B31 /* sticker_madness_white.svg */; };
		684FF324201B83F3006F2B31 /* sticker_sunday_white.svg in Resources */ = {isa = PBXBuildFile; fileRef = 684FF315201B83F3006F2B31 /* sticker_sunday_white.svg */; };
		684FF327201B852E006F2B31 /* sticker_nbro_black.svg in Resources */ = {isa = PBXBuildFile; fileRef = 684FF325201B852E006F2B31 /* sticker_nbro_black.svg */; };
		684FF328201B852E006F2B31 /* sticker_nbro_white.svg in Resources */ = {isa = PBXBuildFile; fileRef = 684FF326201B852E006F2B31 /* sticker_nbro_white.svg */; };
		684FF32A201B8F53006F2B31 /* ImagePickerHelperView.swift in Sources */ = {isa = PBXBuildFile; fileRef = 684FF329201B8F53006F2B31 /* ImagePickerHelperView.swift */; };
		684FF32C201BB6B5006F2B31 /* AppIconListViewController.swift in Sources */ = {isa = PBXBuildFile; fileRef = 684FF32B201BB6B5006F2B31 /* AppIconListViewController.swift */; };
		684FF32F201BB6D6006F2B31 /* AppIconListView.swift in Sources */ = {isa = PBXBuildFile; fileRef = 684FF32E201BB6D6006F2B31 /* AppIconListView.swift */; };
		684FF332201BB978006F2B31 /* AppIconCell.swift in Sources */ = {isa = PBXBuildFile; fileRef = 684FF331201BB978006F2B31 /* AppIconCell.swift */; };
		684FF338201BD0A3006F2B31 /* icon_alt_nbro@2x.png in Resources */ = {isa = PBXBuildFile; fileRef = 684FF335201BD0A2006F2B31 /* icon_alt_nbro@2x.png */; };
		684FF33A201BD0A3006F2B31 /* icon_alt_nbro@3x.png in Resources */ = {isa = PBXBuildFile; fileRef = 684FF337201BD0A3006F2B31 /* icon_alt_nbro@3x.png */; };
		684FF33F201BEE07006F2B31 /* icon_default@2x.png in Resources */ = {isa = PBXBuildFile; fileRef = 684FF33C201BEE07006F2B31 /* icon_default@2x.png */; };
		684FF340201BEE07006F2B31 /* icon_default@3x.png in Resources */ = {isa = PBXBuildFile; fileRef = 684FF33D201BEE07006F2B31 /* icon_default@3x.png */; };
		684FF346201BF07D006F2B31 /* icon_alt_skull@1x.png in Resources */ = {isa = PBXBuildFile; fileRef = 684FF341201BF07D006F2B31 /* icon_alt_skull@1x.png */; };
		684FF347201BF07D006F2B31 /* icon_alt_skull@2x.png in Resources */ = {isa = PBXBuildFile; fileRef = 684FF342201BF07D006F2B31 /* icon_alt_skull@2x.png */; };
		684FF348201BF07D006F2B31 /* icon_alt_skull@3x.png in Resources */ = {isa = PBXBuildFile; fileRef = 684FF343201BF07D006F2B31 /* icon_alt_skull@3x.png */; };
		684FF349201BF07D006F2B31 /* icon_alt_nbro@1x.png in Resources */ = {isa = PBXBuildFile; fileRef = 684FF344201BF07D006F2B31 /* icon_alt_nbro@1x.png */; };
		684FF34A201BF07D006F2B31 /* icon_default@1x.png in Resources */ = {isa = PBXBuildFile; fileRef = 684FF345201BF07D006F2B31 /* icon_default@1x.png */; };
		684FF34E201BF1EB006F2B31 /* icon_alt_daf@3x.png in Resources */ = {isa = PBXBuildFile; fileRef = 684FF34B201BF1EA006F2B31 /* icon_alt_daf@3x.png */; };
		684FF34F201BF1EB006F2B31 /* icon_alt_daf@2x.png in Resources */ = {isa = PBXBuildFile; fileRef = 684FF34C201BF1EA006F2B31 /* icon_alt_daf@2x.png */; };
		684FF350201BF1EB006F2B31 /* icon_alt_daf@1x.png in Resources */ = {isa = PBXBuildFile; fileRef = 684FF34D201BF1EA006F2B31 /* icon_alt_daf@1x.png */; };
		684FF354201BF23C006F2B31 /* icon_alt_runpartyrepeat@1x.png in Resources */ = {isa = PBXBuildFile; fileRef = 684FF351201BF23C006F2B31 /* icon_alt_runpartyrepeat@1x.png */; };
		684FF355201BF23C006F2B31 /* icon_alt_runpartyrepeat@2x.png in Resources */ = {isa = PBXBuildFile; fileRef = 684FF352201BF23C006F2B31 /* icon_alt_runpartyrepeat@2x.png */; };
		684FF356201BF23C006F2B31 /* icon_alt_runpartyrepeat@3x.png in Resources */ = {isa = PBXBuildFile; fileRef = 684FF353201BF23C006F2B31 /* icon_alt_runpartyrepeat@3x.png */; };
		684FF358201BF5B9006F2B31 /* ReviewManager.swift in Sources */ = {isa = PBXBuildFile; fileRef = 684FF357201BF5B9006F2B31 /* ReviewManager.swift */; };
		685328DE2019EAD1000D510C /* LoadingView.swift in Sources */ = {isa = PBXBuildFile; fileRef = 685328DD2019EAD1000D510C /* LoadingView.swift */; };
		6870FA3E201797260067DDA8 /* LaunchScreen.xib in Resources */ = {isa = PBXBuildFile; fileRef = 6870FA3C201797260067DDA8 /* LaunchScreen.xib */; };
		6C0EF05B1C6F785300A53017 /* EventCell.swift in Sources */ = {isa = PBXBuildFile; fileRef = 6C0EF05A1C6F785300A53017 /* EventCell.swift */; };
		6C0EF05D1C6F80C600A53017 /* String+Additions.swift in Sources */ = {isa = PBXBuildFile; fileRef = 6C0EF05C1C6F80C600A53017 /* String+Additions.swift */; };
		6C2123F01C6A753100DB7EE7 /* LoginViewController.swift in Sources */ = {isa = PBXBuildFile; fileRef = 6C2123EF1C6A753100DB7EE7 /* LoginViewController.swift */; };
		6C2D28F71C60C496003E5C74 /* Assets.xcassets in Resources */ = {isa = PBXBuildFile; fileRef = 6C2D28F61C60C496003E5C74 /* Assets.xcassets */; };
		6C3144531C71DEA000A138EF /* AboutViewController.swift in Sources */ = {isa = PBXBuildFile; fileRef = 6C3144521C71DEA000A138EF /* AboutViewController.swift */; };
		6C3144551C71DEA800A138EF /* AboutView.swift in Sources */ = {isa = PBXBuildFile; fileRef = 6C3144541C71DEA800A138EF /* AboutView.swift */; };
		6C3144571C71E23400A138EF /* UIImage+Additions.swift in Sources */ = {isa = PBXBuildFile; fileRef = 6C3144561C71E23400A138EF /* UIImage+Additions.swift */; };
		6C31445E1C71FEFC00A138EF /* AboutLogoCell.swift in Sources */ = {isa = PBXBuildFile; fileRef = 6C31445D1C71FEFC00A138EF /* AboutLogoCell.swift */; };
		6C3144601C71FF4200A138EF /* AboutTextCell.swift in Sources */ = {isa = PBXBuildFile; fileRef = 6C31445F1C71FF4200A138EF /* AboutTextCell.swift */; };
		6C3144641C72128F00A138EF /* UIColor+HEX.swift in Sources */ = {isa = PBXBuildFile; fileRef = 6C3144631C72128F00A138EF /* UIColor+HEX.swift */; };
		6C3144661C723A2900A138EF /* Exo2-Medium.ttf in Resources */ = {isa = PBXBuildFile; fileRef = 6C3144651C72398D00A138EF /* Exo2-Medium.ttf */; };
		6C402B241C7331BD00E57613 /* Array+Additions.swift in Sources */ = {isa = PBXBuildFile; fileRef = 6C402B231C7331BD00E57613 /* Array+Additions.swift */; };
		6C4134E41CA2AEBE00704797 /* UserProfileCell.swift in Sources */ = {isa = PBXBuildFile; fileRef = 6C4134E31CA2AEBE00704797 /* UserProfileCell.swift */; };
		6C4427E81C88A2A80037D609 /* Settings.bundle in Resources */ = {isa = PBXBuildFile; fileRef = 6C4427E71C88A2A80037D609 /* Settings.bundle */; };
		6C5BADA11C8716C300A0ECD0 /* DetailCell.swift in Sources */ = {isa = PBXBuildFile; fileRef = 6C5BADA01C8716C300A0ECD0 /* DetailCell.swift */; };
		6C5BADA31C8716D600A0ECD0 /* UIFont+NBRO.swift in Sources */ = {isa = PBXBuildFile; fileRef = 6C5BADA21C8716D600A0ECD0 /* UIFont+NBRO.swift */; };
		6C5BADA51C8716E700A0ECD0 /* FacebookManager.swift in Sources */ = {isa = PBXBuildFile; fileRef = 6C5BADA41C8716E700A0ECD0 /* FacebookManager.swift */; };
		6C5BADA71C8716F600A0ECD0 /* LaunchImageView.swift in Sources */ = {isa = PBXBuildFile; fileRef = 6C5BADA61C8716F600A0ECD0 /* LaunchImageView.swift */; };
		6C5BADAB1C87171000A0ECD0 /* DetailLabelView.swift in Sources */ = {isa = PBXBuildFile; fileRef = 6C5BADAA1C87171000A0ECD0 /* DetailLabelView.swift */; };
		6C5BADAD1C87171D00A0ECD0 /* pop.aiff in Resources */ = {isa = PBXBuildFile; fileRef = 6C5BADAC1C87171D00A0ECD0 /* pop.aiff */; };
		6C65A1F41C6F8A05009015D1 /* EventListView.swift in Sources */ = {isa = PBXBuildFile; fileRef = 6C65A1F31C6F8A05009015D1 /* EventListView.swift */; };
		6C65A1F91C6F99B0009015D1 /* LoginView.swift in Sources */ = {isa = PBXBuildFile; fileRef = 6C65A1F81C6F99B0009015D1 /* LoginView.swift */; };
		6C6D1EE11E4A3F9E001CD064 /* Sticker.swift in Sources */ = {isa = PBXBuildFile; fileRef = 6C6D1EE01E4A3F9E001CD064 /* Sticker.swift */; };
		6C7337081C73224300744511 /* ImageCatalog.swift in Sources */ = {isa = PBXBuildFile; fileRef = 6C7337071C73224300744511 /* ImageCatalog.swift */; };
		6C8AF9D71C6E7FFB004D4789 /* Exo2-Light.ttf in Resources */ = {isa = PBXBuildFile; fileRef = 6C8AF9D51C6E7FF4004D4789 /* Exo2-Light.ttf */; };
		6C8AF9D81C6E7FFB004D4789 /* MyriadPro-BoldCond.otf in Resources */ = {isa = PBXBuildFile; fileRef = 6C8AF9D61C6E7FF4004D4789 /* MyriadPro-BoldCond.otf */; };
		6C8AF9DD1C6E843D004D4789 /* Exo2-Bold.ttf in Resources */ = {isa = PBXBuildFile; fileRef = 6C8AF9DC1C6E83E3004D4789 /* Exo2-Bold.ttf */; };
		6C9A5C2A1C60BF72007459A8 /* AppDelegate.swift in Sources */ = {isa = PBXBuildFile; fileRef = 6C9A5C291C60BF72007459A8 /* AppDelegate.swift */; };
		6CA29E1B1C7F70F50086FE67 /* FacebookProfile.swift in Sources */ = {isa = PBXBuildFile; fileRef = 6CA29E1A1C7F70F50086FE67 /* FacebookProfile.swift */; };
		6CA29E1D1C7F74FD0086FE67 /* TrackingManager.swift in Sources */ = {isa = PBXBuildFile; fileRef = 6CA29E1C1C7F74FD0086FE67 /* TrackingManager.swift */; };
		6CB6CC7C1CA144CC00B9CD9E /* UserViewController.swift in Sources */ = {isa = PBXBuildFile; fileRef = 6CB6CC7B1CA144CC00B9CD9E /* UserViewController.swift */; };
		6CB6CC7F1CA1472600B9CD9E /* UserView.swift in Sources */ = {isa = PBXBuildFile; fileRef = 6CB6CC7E1CA1472600B9CD9E /* UserView.swift */; };
		6CB7E56E1D6454E4009B9D66 /* AttendeesViewController.swift in Sources */ = {isa = PBXBuildFile; fileRef = 6CB7E56D1D6454E4009B9D66 /* AttendeesViewController.swift */; };
		6CB7E5711D645501009B9D66 /* AttendeesView.swift in Sources */ = {isa = PBXBuildFile; fileRef = 6CB7E5701D645501009B9D66 /* AttendeesView.swift */; };
		6CCBC1E01E53845B00B0D1C7 /* ToolsView.swift in Sources */ = {isa = PBXBuildFile; fileRef = 6CCBC1DF1E53845B00B0D1C7 /* ToolsView.swift */; };
		6CD06B491C804E0700351A20 /* DissmissAnimator.swift in Sources */ = {isa = PBXBuildFile; fileRef = 6CD06B481C804E0700351A20 /* DissmissAnimator.swift */; };
		6CD06B4B1C80501A00351A20 /* Interactor.swift in Sources */ = {isa = PBXBuildFile; fileRef = 6CD06B4A1C80501A00351A20 /* Interactor.swift */; };
		6CD06B4D1C805FBC00351A20 /* AttendEventButtonView.swift in Sources */ = {isa = PBXBuildFile; fileRef = 6CD06B4C1C805FBC00351A20 /* AttendEventButtonView.swift */; };
		6CDA76841E46790000A170F5 /* StickerBrowserViewController.swift in Sources */ = {isa = PBXBuildFile; fileRef = 6CDA76831E46790000A170F5 /* StickerBrowserViewController.swift */; };
		6CDA76861E46791A00A170F5 /* StickerBrowserView.swift in Sources */ = {isa = PBXBuildFile; fileRef = 6CDA76851E46791A00A170F5 /* StickerBrowserView.swift */; };
		6CDA76881E46819E00A170F5 /* StickerBrowserCell.swift in Sources */ = {isa = PBXBuildFile; fileRef = 6CDA76871E46819E00A170F5 /* StickerBrowserCell.swift */; };
		6CDA768A1E46A36900A170F5 /* ImagePickerViewController.swift in Sources */ = {isa = PBXBuildFile; fileRef = 6CDA76891E46A36900A170F5 /* ImagePickerViewController.swift */; };
		6CDA768C1E46A37B00A170F5 /* ImagePickerView.swift in Sources */ = {isa = PBXBuildFile; fileRef = 6CDA768B1E46A37B00A170F5 /* ImagePickerView.swift */; };
		6CDDFAF91C6FC988002F9687 /* AnimatedBackgroundView.swift in Sources */ = {isa = PBXBuildFile; fileRef = 6CDDFAF81C6FC988002F9687 /* AnimatedBackgroundView.swift */; };
		7C3FAC2CB4E2E18C784AF006 /* Pods_nbro.framework in Frameworks */ = {isa = PBXBuildFile; fileRef = 28A4103618D22CDAFD83965B /* Pods_nbro.framework */; };
		D00F9F6B1E454C15003667B4 /* RootViewController.swift in Sources */ = {isa = PBXBuildFile; fileRef = D00F9F6A1E454C15003667B4 /* RootViewController.swift */; };
		D014CF8F1E4A37F40013AD5F /* ShareImageViewController.swift in Sources */ = {isa = PBXBuildFile; fileRef = D014CF8E1E4A37F40013AD5F /* ShareImageViewController.swift */; };
		D02E19051C6F793700D4C3D5 /* EventDetailViewController.swift in Sources */ = {isa = PBXBuildFile; fileRef = D02E19041C6F793700D4C3D5 /* EventDetailViewController.swift */; };
		D02E19071C6F794000D4C3D5 /* EventDetailView.swift in Sources */ = {isa = PBXBuildFile; fileRef = D02E19061C6F794000D4C3D5 /* EventDetailView.swift */; };
		D02E190B1C6FA6D500D4C3D5 /* Exo2-SemiBold.ttf in Resources */ = {isa = PBXBuildFile; fileRef = D02E190A1C6FA6D100D4C3D5 /* Exo2-SemiBold.ttf */; };
		D061ABD61C824DB60094CBAD /* SwitchView.swift in Sources */ = {isa = PBXBuildFile; fileRef = D061ABD51C824DB60094CBAD /* SwitchView.swift */; };
		D07E741B1E538C3C00E98407 /* ImageGenerator.swift in Sources */ = {isa = PBXBuildFile; fileRef = D07E741A1E538C3C00E98407 /* ImageGenerator.swift */; };
		D0AF55401E46B8C200789AA3 /* StickerContainerView.swift in Sources */ = {isa = PBXBuildFile; fileRef = D0AF553D1E46B8C200789AA3 /* StickerContainerView.swift */; };
		D0AF55411E46B8C200789AA3 /* StickerView.swift in Sources */ = {isa = PBXBuildFile; fileRef = D0AF553E1E46B8C200789AA3 /* StickerView.swift */; };
		D0AF55421E46B8C200789AA3 /* StickerViewController.swift in Sources */ = {isa = PBXBuildFile; fileRef = D0AF553F1E46B8C200789AA3 /* StickerViewController.swift */; };
		D0B0A7171C9212250061D062 /* InformationView.swift in Sources */ = {isa = PBXBuildFile; fileRef = D0B0A7161C9212250061D062 /* InformationView.swift */; };
		D0B0F8FB1C74F79800955461 /* Exo2-Regular.ttf in Resources */ = {isa = PBXBuildFile; fileRef = D0B0F8FA1C74F79800955461 /* Exo2-Regular.ttf */; };
		D0CD768F1E59AEC6005B08EE /* ImagePickerViewModel.swift in Sources */ = {isa = PBXBuildFile; fileRef = D0CD768E1E59AEC6005B08EE /* ImagePickerViewModel.swift */; };
		D0CD76921E59AFC9005B08EE /* ImagePickerCollectionViewCell.swift in Sources */ = {isa = PBXBuildFile; fileRef = D0CD76911E59AFC9005B08EE /* ImagePickerCollectionViewCell.swift */; };
/* End PBXBuildFile section */

/* Begin PBXFileReference section */
		07E660ECEE8004E91C4D7C6F /* Pods-nbro.debug.xcconfig */ = {isa = PBXFileReference; includeInIndex = 1; lastKnownFileType = text.xcconfig; name = "Pods-nbro.debug.xcconfig"; path = "Pods/Target Support Files/Pods-nbro/Pods-nbro.debug.xcconfig"; sourceTree = "<group>"; };
		181FC338CA0EF384A74A91FD /* Event.swift */ = {isa = PBXFileReference; fileEncoding = 4; lastKnownFileType = sourcecode.swift; path = Event.swift; sourceTree = "<group>"; };
		181FC69C072EEB0317D5CFC2 /* EventListViewController.swift */ = {isa = PBXFileReference; fileEncoding = 4; lastKnownFileType = sourcecode.swift; path = EventListViewController.swift; sourceTree = "<group>"; };
		28A4103618D22CDAFD83965B /* Pods_nbro.framework */ = {isa = PBXFileReference; explicitFileType = wrapper.framework; includeInIndex = 0; path = Pods_nbro.framework; sourceTree = BUILT_PRODUCTS_DIR; };
		684FF2E9201B813C006F2B31 /* sticker_long_black.svg */ = {isa = PBXFileReference; fileEncoding = 4; lastKnownFileType = text.xml; name = sticker_long_black.svg; path = SVG/sticker_long_black.svg; sourceTree = "<group>"; };
		684FF2EA201B813D006F2B31 /* sticker_run-repeat_black.svg */ = {isa = PBXFileReference; fileEncoding = 4; lastKnownFileType = text.xml; name = "sticker_run-repeat_black.svg"; path = "SVG/sticker_run-repeat_black.svg"; sourceTree = "<group>"; };
		684FF2EB201B813D006F2B31 /* sticker_tgit_black.svg */ = {isa = PBXFileReference; fileEncoding = 4; lastKnownFileType = text.xml; name = sticker_tgit_black.svg; path = SVG/sticker_tgit_black.svg; sourceTree = "<group>"; };
		684FF2EC201B813D006F2B31 /* sticker_mellow_black.svg */ = {isa = PBXFileReference; fileEncoding = 4; lastKnownFileType = text.xml; name = sticker_mellow_black.svg; path = SVG/sticker_mellow_black.svg; sourceTree = "<group>"; };
		684FF2ED201B813D006F2B31 /* sticker_neverrunalone_black.svg */ = {isa = PBXFileReference; fileEncoding = 4; lastKnownFileType = text.xml; name = sticker_neverrunalone_black.svg; path = SVG/sticker_neverrunalone_black.svg; sourceTree = "<group>"; };
		684FF2EE201B813D006F2B31 /* sticker_sunday_black.svg */ = {isa = PBXFileReference; fileEncoding = 4; lastKnownFileType = text.xml; name = sticker_sunday_black.svg; path = SVG/sticker_sunday_black.svg; sourceTree = "<group>"; };
		684FF2EF201B813D006F2B31 /* sticker_nbro_alt_black.svg */ = {isa = PBXFileReference; fileEncoding = 4; lastKnownFileType = text.xml; name = sticker_nbro_alt_black.svg; path = SVG/sticker_nbro_alt_black.svg; sourceTree = "<group>"; };
		684FF2F0201B813D006F2B31 /* sticker_runner_black.svg */ = {isa = PBXFileReference; fileEncoding = 4; lastKnownFileType = text.xml; name = sticker_runner_black.svg; path = SVG/sticker_runner_black.svg; sourceTree = "<group>"; };
		684FF2F1201B813D006F2B31 /* sticker_friday_black.svg */ = {isa = PBXFileReference; fileEncoding = 4; lastKnownFileType = text.xml; name = sticker_friday_black.svg; path = SVG/sticker_friday_black.svg; sourceTree = "<group>"; };
		684FF2F2201B813D006F2B31 /* sticker_madness_black.svg */ = {isa = PBXFileReference; fileEncoding = 4; lastKnownFileType = text.xml; name = sticker_madness_black.svg; path = SVG/sticker_madness_black.svg; sourceTree = "<group>"; };
		684FF2F3201B813D006F2B31 /* sticker_btg_black.svg */ = {isa = PBXFileReference; fileEncoding = 4; lastKnownFileType = text.xml; name = sticker_btg_black.svg; path = SVG/sticker_btg_black.svg; sourceTree = "<group>"; };
		684FF2F4201B813D006F2B31 /* sticker_daf_black.svg */ = {isa = PBXFileReference; fileEncoding = 4; lastKnownFileType = text.xml; name = sticker_daf_black.svg; path = SVG/sticker_daf_black.svg; sourceTree = "<group>"; };
		684FF2F5201B813D006F2B31 /* sticker_foamfinger_black.svg */ = {isa = PBXFileReference; fileEncoding = 4; lastKnownFileType = text.xml; name = sticker_foamfinger_black.svg; path = SVG/sticker_foamfinger_black.svg; sourceTree = "<group>"; };
		684FF2F7201B813E006F2B31 /* sticker_bloody_black.svg */ = {isa = PBXFileReference; fileEncoding = 4; lastKnownFileType = text.xml; name = sticker_bloody_black.svg; path = SVG/sticker_bloody_black.svg; sourceTree = "<group>"; };
		684FF307201B83F1006F2B31 /* sticker_daf_white.svg */ = {isa = PBXFileReference; fileEncoding = 4; lastKnownFileType = text.xml; name = sticker_daf_white.svg; path = SVG/sticker_daf_white.svg; sourceTree = "<group>"; };
		684FF308201B83F1006F2B31 /* sticker_runner_white.svg */ = {isa = PBXFileReference; fileEncoding = 4; lastKnownFileType = text.xml; name = sticker_runner_white.svg; path = SVG/sticker_runner_white.svg; sourceTree = "<group>"; };
		684FF309201B83F1006F2B31 /* sticker_nbro_alt_white.svg */ = {isa = PBXFileReference; fileEncoding = 4; lastKnownFileType = text.xml; name = sticker_nbro_alt_white.svg; path = SVG/sticker_nbro_alt_white.svg; sourceTree = "<group>"; };
		684FF30A201B83F1006F2B31 /* sticker_long_white.svg */ = {isa = PBXFileReference; fileEncoding = 4; lastKnownFileType = text.xml; name = sticker_long_white.svg; path = SVG/sticker_long_white.svg; sourceTree = "<group>"; };
		684FF30B201B83F1006F2B31 /* sticker_mellow_white.svg */ = {isa = PBXFileReference; fileEncoding = 4; lastKnownFileType = text.xml; name = sticker_mellow_white.svg; path = SVG/sticker_mellow_white.svg; sourceTree = "<group>"; };
		684FF30C201B83F2006F2B31 /* sticker_bloody_white.svg */ = {isa = PBXFileReference; fileEncoding = 4; lastKnownFileType = text.xml; name = sticker_bloody_white.svg; path = SVG/sticker_bloody_white.svg; sourceTree = "<group>"; };
		684FF30D201B83F2006F2B31 /* sticker_neverrunalone_white.svg */ = {isa = PBXFileReference; fileEncoding = 4; lastKnownFileType = text.xml; name = sticker_neverrunalone_white.svg; path = SVG/sticker_neverrunalone_white.svg; sourceTree = "<group>"; };
		684FF30E201B83F2006F2B31 /* sticker_btg_white.svg */ = {isa = PBXFileReference; fileEncoding = 4; lastKnownFileType = text.xml; name = sticker_btg_white.svg; path = SVG/sticker_btg_white.svg; sourceTree = "<group>"; };
		684FF30F201B83F2006F2B31 /* sticker_nbro_white.svg */ = {isa = PBXFileReference; fileEncoding = 4; lastKnownFileType = text.xml; name = sticker_nbro_white.svg; path = SVG/sticker_nbro_white.svg; sourceTree = "<group>"; };
		684FF310201B83F2006F2B31 /* sticker_foamfinger_white.svg */ = {isa = PBXFileReference; fileEncoding = 4; lastKnownFileType = text.xml; name = sticker_foamfinger_white.svg; path = SVG/sticker_foamfinger_white.svg; sourceTree = "<group>"; };
		684FF311201B83F3006F2B31 /* sticker_tgit_white.svg */ = {isa = PBXFileReference; fileEncoding = 4; lastKnownFileType = text.xml; name = sticker_tgit_white.svg; path = SVG/sticker_tgit_white.svg; sourceTree = "<group>"; };
		684FF312201B83F3006F2B31 /* sticker_run-repeat_white.svg */ = {isa = PBXFileReference; fileEncoding = 4; lastKnownFileType = text.xml; name = "sticker_run-repeat_white.svg"; path = "SVG/sticker_run-repeat_white.svg"; sourceTree = "<group>"; };
		684FF313201B83F3006F2B31 /* sticker_friday_white.svg */ = {isa = PBXFileReference; fileEncoding = 4; lastKnownFileType = text.xml; name = sticker_friday_white.svg; path = SVG/sticker_friday_white.svg; sourceTree = "<group>"; };
		684FF314201B83F3006F2B31 /* sticker_madness_white.svg */ = {isa = PBXFileReference; fileEncoding = 4; lastKnownFileType = text.xml; name = sticker_madness_white.svg; path = SVG/sticker_madness_white.svg; sourceTree = "<group>"; };
		684FF315201B83F3006F2B31 /* sticker_sunday_white.svg */ = {isa = PBXFileReference; fileEncoding = 4; lastKnownFileType = text.xml; name = sticker_sunday_white.svg; path = SVG/sticker_sunday_white.svg; sourceTree = "<group>"; };
		684FF325201B852E006F2B31 /* sticker_nbro_black.svg */ = {isa = PBXFileReference; fileEncoding = 4; lastKnownFileType = text.xml; name = sticker_nbro_black.svg; path = SVG/sticker_nbro_black.svg; sourceTree = "<group>"; };
		684FF326201B852E006F2B31 /* sticker_nbro_white.svg */ = {isa = PBXFileReference; fileEncoding = 4; lastKnownFileType = text.xml; name = sticker_nbro_white.svg; path = SVG/sticker_nbro_white.svg; sourceTree = "<group>"; };
		684FF329201B8F53006F2B31 /* ImagePickerHelperView.swift */ = {isa = PBXFileReference; lastKnownFileType = sourcecode.swift; name = ImagePickerHelperView.swift; path = nbro/Views/ImagePickerHelperView.swift; sourceTree = SOURCE_ROOT; };
		684FF32B201BB6B5006F2B31 /* AppIconListViewController.swift */ = {isa = PBXFileReference; lastKnownFileType = sourcecode.swift; path = AppIconListViewController.swift; sourceTree = "<group>"; };
		684FF32E201BB6D6006F2B31 /* AppIconListView.swift */ = {isa = PBXFileReference; lastKnownFileType = sourcecode.swift; path = AppIconListView.swift; sourceTree = "<group>"; };
		684FF331201BB978006F2B31 /* AppIconCell.swift */ = {isa = PBXFileReference; lastKnownFileType = sourcecode.swift; path = AppIconCell.swift; sourceTree = "<group>"; };
		684FF335201BD0A2006F2B31 /* icon_alt_nbro@2x.png */ = {isa = PBXFileReference; lastKnownFileType = image.png; name = "icon_alt_nbro@2x.png"; path = "Resources/AlternateIcons/icon_alt_nbro@2x.png"; sourceTree = "<group>"; };
		684FF337201BD0A3006F2B31 /* icon_alt_nbro@3x.png */ = {isa = PBXFileReference; lastKnownFileType = image.png; name = "icon_alt_nbro@3x.png"; path = "Resources/AlternateIcons/icon_alt_nbro@3x.png"; sourceTree = "<group>"; };
		684FF33C201BEE07006F2B31 /* icon_default@2x.png */ = {isa = PBXFileReference; lastKnownFileType = image.png; name = "icon_default@2x.png"; path = "Resources/AlternateIcons/icon_default@2x.png"; sourceTree = "<group>"; };
		684FF33D201BEE07006F2B31 /* icon_default@3x.png */ = {isa = PBXFileReference; lastKnownFileType = image.png; name = "icon_default@3x.png"; path = "Resources/AlternateIcons/icon_default@3x.png"; sourceTree = "<group>"; };
		684FF341201BF07D006F2B31 /* icon_alt_skull@1x.png */ = {isa = PBXFileReference; lastKnownFileType = image.png; name = "icon_alt_skull@1x.png"; path = "Resources/AlternateIcons/icon_alt_skull@1x.png"; sourceTree = "<group>"; };
		684FF342201BF07D006F2B31 /* icon_alt_skull@2x.png */ = {isa = PBXFileReference; lastKnownFileType = image.png; name = "icon_alt_skull@2x.png"; path = "Resources/AlternateIcons/icon_alt_skull@2x.png"; sourceTree = "<group>"; };
		684FF343201BF07D006F2B31 /* icon_alt_skull@3x.png */ = {isa = PBXFileReference; lastKnownFileType = image.png; name = "icon_alt_skull@3x.png"; path = "Resources/AlternateIcons/icon_alt_skull@3x.png"; sourceTree = "<group>"; };
		684FF344201BF07D006F2B31 /* icon_alt_nbro@1x.png */ = {isa = PBXFileReference; lastKnownFileType = image.png; name = "icon_alt_nbro@1x.png"; path = "Resources/AlternateIcons/icon_alt_nbro@1x.png"; sourceTree = "<group>"; };
		684FF345201BF07D006F2B31 /* icon_default@1x.png */ = {isa = PBXFileReference; lastKnownFileType = image.png; name = "icon_default@1x.png"; path = "Resources/AlternateIcons/icon_default@1x.png"; sourceTree = "<group>"; };
		684FF34B201BF1EA006F2B31 /* icon_alt_daf@3x.png */ = {isa = PBXFileReference; lastKnownFileType = image.png; name = "icon_alt_daf@3x.png"; path = "Resources/AlternateIcons/icon_alt_daf@3x.png"; sourceTree = "<group>"; };
		684FF34C201BF1EA006F2B31 /* icon_alt_daf@2x.png */ = {isa = PBXFileReference; lastKnownFileType = image.png; name = "icon_alt_daf@2x.png"; path = "Resources/AlternateIcons/icon_alt_daf@2x.png"; sourceTree = "<group>"; };
		684FF34D201BF1EA006F2B31 /* icon_alt_daf@1x.png */ = {isa = PBXFileReference; lastKnownFileType = image.png; name = "icon_alt_daf@1x.png"; path = "Resources/AlternateIcons/icon_alt_daf@1x.png"; sourceTree = "<group>"; };
		684FF351201BF23C006F2B31 /* icon_alt_runpartyrepeat@1x.png */ = {isa = PBXFileReference; lastKnownFileType = image.png; name = "icon_alt_runpartyrepeat@1x.png"; path = "Resources/AlternateIcons/icon_alt_runpartyrepeat@1x.png"; sourceTree = "<group>"; };
		684FF352201BF23C006F2B31 /* icon_alt_runpartyrepeat@2x.png */ = {isa = PBXFileReference; lastKnownFileType = image.png; name = "icon_alt_runpartyrepeat@2x.png"; path = "Resources/AlternateIcons/icon_alt_runpartyrepeat@2x.png"; sourceTree = "<group>"; };
		684FF353201BF23C006F2B31 /* icon_alt_runpartyrepeat@3x.png */ = {isa = PBXFileReference; lastKnownFileType = image.png; name = "icon_alt_runpartyrepeat@3x.png"; path = "Resources/AlternateIcons/icon_alt_runpartyrepeat@3x.png"; sourceTree = "<group>"; };
		684FF357201BF5B9006F2B31 /* ReviewManager.swift */ = {isa = PBXFileReference; lastKnownFileType = sourcecode.swift; name = ReviewManager.swift; path = Managers/ReviewManager.swift; sourceTree = "<group>"; };
		685328DD2019EAD1000D510C /* LoadingView.swift */ = {isa = PBXFileReference; lastKnownFileType = sourcecode.swift; name = LoadingView.swift; path = nbro/Views/LoadingView.swift; sourceTree = SOURCE_ROOT; };
		6870FA3D201797260067DDA8 /* Base */ = {isa = PBXFileReference; lastKnownFileType = file.xib; name = Base; path = Base.lproj/LaunchScreen.xib; sourceTree = "<group>"; };
		6C0EF05A1C6F785300A53017 /* EventCell.swift */ = {isa = PBXFileReference; fileEncoding = 4; lastKnownFileType = sourcecode.swift; name = EventCell.swift; path = Views/EventCell.swift; sourceTree = "<group>"; };
		6C0EF05C1C6F80C600A53017 /* String+Additions.swift */ = {isa = PBXFileReference; fileEncoding = 4; lastKnownFileType = sourcecode.swift; name = "String+Additions.swift"; path = "Extensions/String+Additions.swift"; sourceTree = "<group>"; };
		6C2123EF1C6A753100DB7EE7 /* LoginViewController.swift */ = {isa = PBXFileReference; fileEncoding = 4; lastKnownFileType = sourcecode.swift; path = LoginViewController.swift; sourceTree = "<group>"; };
		6C2D28F61C60C496003E5C74 /* Assets.xcassets */ = {isa = PBXFileReference; lastKnownFileType = folder.assetcatalog; path = Assets.xcassets; sourceTree = "<group>"; };
		6C3144521C71DEA000A138EF /* AboutViewController.swift */ = {isa = PBXFileReference; fileEncoding = 4; lastKnownFileType = sourcecode.swift; path = AboutViewController.swift; sourceTree = "<group>"; };
		6C3144541C71DEA800A138EF /* AboutView.swift */ = {isa = PBXFileReference; fileEncoding = 4; lastKnownFileType = sourcecode.swift; lineEnding = 0; path = AboutView.swift; sourceTree = "<group>"; xcLanguageSpecificationIdentifier = xcode.lang.swift; };
		6C3144561C71E23400A138EF /* UIImage+Additions.swift */ = {isa = PBXFileReference; fileEncoding = 4; lastKnownFileType = sourcecode.swift; name = "UIImage+Additions.swift"; path = "Extensions/UIImage+Additions.swift"; sourceTree = "<group>"; };
		6C31445D1C71FEFC00A138EF /* AboutLogoCell.swift */ = {isa = PBXFileReference; fileEncoding = 4; lastKnownFileType = sourcecode.swift; lineEnding = 0; name = AboutLogoCell.swift; path = Views/AboutLogoCell.swift; sourceTree = "<group>"; xcLanguageSpecificationIdentifier = xcode.lang.swift; };
		6C31445F1C71FF4200A138EF /* AboutTextCell.swift */ = {isa = PBXFileReference; fileEncoding = 4; lastKnownFileType = sourcecode.swift; lineEnding = 0; name = AboutTextCell.swift; path = Views/AboutTextCell.swift; sourceTree = "<group>"; xcLanguageSpecificationIdentifier = xcode.lang.swift; };
		6C3144631C72128F00A138EF /* UIColor+HEX.swift */ = {isa = PBXFileReference; fileEncoding = 4; lastKnownFileType = sourcecode.swift; name = "UIColor+HEX.swift"; path = "Extensions/UIColor+HEX.swift"; sourceTree = "<group>"; };
		6C3144651C72398D00A138EF /* Exo2-Medium.ttf */ = {isa = PBXFileReference; lastKnownFileType = file; name = "Exo2-Medium.ttf"; path = "Fonts/Exo2-Medium.ttf"; sourceTree = "<group>"; };
		6C402B231C7331BD00E57613 /* Array+Additions.swift */ = {isa = PBXFileReference; fileEncoding = 4; lastKnownFileType = sourcecode.swift; name = "Array+Additions.swift"; path = "Extensions/Array+Additions.swift"; sourceTree = "<group>"; };
		6C4134E31CA2AEBE00704797 /* UserProfileCell.swift */ = {isa = PBXFileReference; fileEncoding = 4; lastKnownFileType = sourcecode.swift; name = UserProfileCell.swift; path = Views/UserProfileCell.swift; sourceTree = "<group>"; };
		6C4390851C62537600E923D0 /* Bridging-Header.h */ = {isa = PBXFileReference; lastKnownFileType = sourcecode.c.h; path = "Bridging-Header.h"; sourceTree = "<group>"; };
		6C4427E71C88A2A80037D609 /* Settings.bundle */ = {isa = PBXFileReference; lastKnownFileType = "wrapper.plug-in"; path = Settings.bundle; sourceTree = "<group>"; };
		6C5BADA01C8716C300A0ECD0 /* DetailCell.swift */ = {isa = PBXFileReference; fileEncoding = 4; lastKnownFileType = sourcecode.swift; lineEnding = 0; name = DetailCell.swift; path = Views/DetailCell.swift; sourceTree = "<group>"; xcLanguageSpecificationIdentifier = xcode.lang.swift; };
		6C5BADA21C8716D600A0ECD0 /* UIFont+NBRO.swift */ = {isa = PBXFileReference; fileEncoding = 4; lastKnownFileType = sourcecode.swift; name = "UIFont+NBRO.swift"; path = "Extensions/UIFont+NBRO.swift"; sourceTree = "<group>"; };
		6C5BADA41C8716E700A0ECD0 /* FacebookManager.swift */ = {isa = PBXFileReference; fileEncoding = 4; lastKnownFileType = sourcecode.swift; name = FacebookManager.swift; path = Managers/FacebookManager.swift; sourceTree = "<group>"; };
		6C5BADA61C8716F600A0ECD0 /* LaunchImageView.swift */ = {isa = PBXFileReference; fileEncoding = 4; lastKnownFileType = sourcecode.swift; name = LaunchImageView.swift; path = Views/LaunchImageView.swift; sourceTree = "<group>"; };
		6C5BADAA1C87171000A0ECD0 /* DetailLabelView.swift */ = {isa = PBXFileReference; fileEncoding = 4; lastKnownFileType = sourcecode.swift; name = DetailLabelView.swift; path = Views/DetailLabelView.swift; sourceTree = "<group>"; };
		6C5BADAC1C87171D00A0ECD0 /* pop.aiff */ = {isa = PBXFileReference; lastKnownFileType = audio.aiff; name = pop.aiff; path = Sounds/pop.aiff; sourceTree = "<group>"; };
		6C65A1F31C6F8A05009015D1 /* EventListView.swift */ = {isa = PBXFileReference; fileEncoding = 4; lastKnownFileType = sourcecode.swift; path = EventListView.swift; sourceTree = "<group>"; };
		6C65A1F81C6F99B0009015D1 /* LoginView.swift */ = {isa = PBXFileReference; fileEncoding = 4; lastKnownFileType = sourcecode.swift; path = LoginView.swift; sourceTree = "<group>"; };
		6C6D1EE01E4A3F9E001CD064 /* Sticker.swift */ = {isa = PBXFileReference; fileEncoding = 4; lastKnownFileType = sourcecode.swift; path = Sticker.swift; sourceTree = "<group>"; };
		6C7337071C73224300744511 /* ImageCatalog.swift */ = {isa = PBXFileReference; fileEncoding = 4; lastKnownFileType = sourcecode.swift; name = ImageCatalog.swift; path = Managers/ImageCatalog.swift; sourceTree = "<group>"; };
		6C8AF9D51C6E7FF4004D4789 /* Exo2-Light.ttf */ = {isa = PBXFileReference; lastKnownFileType = file; name = "Exo2-Light.ttf"; path = "Fonts/Exo2-Light.ttf"; sourceTree = "<group>"; };
		6C8AF9D61C6E7FF4004D4789 /* MyriadPro-BoldCond.otf */ = {isa = PBXFileReference; lastKnownFileType = file; name = "MyriadPro-BoldCond.otf"; path = "Fonts/MyriadPro-BoldCond.otf"; sourceTree = "<group>"; };
		6C8AF9DC1C6E83E3004D4789 /* Exo2-Bold.ttf */ = {isa = PBXFileReference; lastKnownFileType = file; name = "Exo2-Bold.ttf"; path = "Fonts/Exo2-Bold.ttf"; sourceTree = "<group>"; };
		6C9A5C261C60BF72007459A8 /* nbro.app */ = {isa = PBXFileReference; explicitFileType = wrapper.application; includeInIndex = 0; path = nbro.app; sourceTree = BUILT_PRODUCTS_DIR; };
		6C9A5C291C60BF72007459A8 /* AppDelegate.swift */ = {isa = PBXFileReference; lastKnownFileType = sourcecode.swift; path = AppDelegate.swift; sourceTree = "<group>"; };
		6C9A5C351C60BF72007459A8 /* Info.plist */ = {isa = PBXFileReference; lastKnownFileType = text.plist.xml; path = Info.plist; sourceTree = "<group>"; };
		6CA29E1A1C7F70F50086FE67 /* FacebookProfile.swift */ = {isa = PBXFileReference; fileEncoding = 4; lastKnownFileType = sourcecode.swift; path = FacebookProfile.swift; sourceTree = "<group>"; };
		6CA29E1C1C7F74FD0086FE67 /* TrackingManager.swift */ = {isa = PBXFileReference; fileEncoding = 4; lastKnownFileType = sourcecode.swift; name = TrackingManager.swift; path = Managers/TrackingManager.swift; sourceTree = "<group>"; };
		6CB6CC7B1CA144CC00B9CD9E /* UserViewController.swift */ = {isa = PBXFileReference; fileEncoding = 4; lastKnownFileType = sourcecode.swift; path = UserViewController.swift; sourceTree = "<group>"; };
		6CB6CC7E1CA1472600B9CD9E /* UserView.swift */ = {isa = PBXFileReference; fileEncoding = 4; lastKnownFileType = sourcecode.swift; path = UserView.swift; sourceTree = "<group>"; };
		6CB7E56D1D6454E4009B9D66 /* AttendeesViewController.swift */ = {isa = PBXFileReference; fileEncoding = 4; lastKnownFileType = sourcecode.swift; path = AttendeesViewController.swift; sourceTree = "<group>"; };
		6CB7E5701D645501009B9D66 /* AttendeesView.swift */ = {isa = PBXFileReference; fileEncoding = 4; lastKnownFileType = sourcecode.swift; lineEnding = 0; path = AttendeesView.swift; sourceTree = "<group>"; xcLanguageSpecificationIdentifier = xcode.lang.swift; };
		6CCBC1DF1E53845B00B0D1C7 /* ToolsView.swift */ = {isa = PBXFileReference; fileEncoding = 4; lastKnownFileType = sourcecode.swift; name = ToolsView.swift; path = nbro/Views/ToolsView.swift; sourceTree = SOURCE_ROOT; };
		6CD06B481C804E0700351A20 /* DissmissAnimator.swift */ = {isa = PBXFileReference; fileEncoding = 4; lastKnownFileType = sourcecode.swift; name = DissmissAnimator.swift; path = Managers/DissmissAnimator.swift; sourceTree = "<group>"; };
		6CD06B4A1C80501A00351A20 /* Interactor.swift */ = {isa = PBXFileReference; fileEncoding = 4; lastKnownFileType = sourcecode.swift; name = Interactor.swift; path = Managers/Interactor.swift; sourceTree = "<group>"; };
		6CD06B4C1C805FBC00351A20 /* AttendEventButtonView.swift */ = {isa = PBXFileReference; fileEncoding = 4; lastKnownFileType = sourcecode.swift; lineEnding = 0; name = AttendEventButtonView.swift; path = Views/AttendEventButtonView.swift; sourceTree = "<group>"; xcLanguageSpecificationIdentifier = xcode.lang.swift; };
		6CDA76831E46790000A170F5 /* StickerBrowserViewController.swift */ = {isa = PBXFileReference; fileEncoding = 4; lastKnownFileType = sourcecode.swift; path = StickerBrowserViewController.swift; sourceTree = "<group>"; };
		6CDA76851E46791A00A170F5 /* StickerBrowserView.swift */ = {isa = PBXFileReference; fileEncoding = 4; lastKnownFileType = sourcecode.swift; path = StickerBrowserView.swift; sourceTree = "<group>"; };
		6CDA76871E46819E00A170F5 /* StickerBrowserCell.swift */ = {isa = PBXFileReference; fileEncoding = 4; lastKnownFileType = sourcecode.swift; path = StickerBrowserCell.swift; sourceTree = "<group>"; };
		6CDA76891E46A36900A170F5 /* ImagePickerViewController.swift */ = {isa = PBXFileReference; fileEncoding = 4; lastKnownFileType = sourcecode.swift; path = ImagePickerViewController.swift; sourceTree = "<group>"; };
		6CDA768B1E46A37B00A170F5 /* ImagePickerView.swift */ = {isa = PBXFileReference; fileEncoding = 4; lastKnownFileType = sourcecode.swift; path = ImagePickerView.swift; sourceTree = "<group>"; };
		6CDDFAF81C6FC988002F9687 /* AnimatedBackgroundView.swift */ = {isa = PBXFileReference; fileEncoding = 4; lastKnownFileType = sourcecode.swift; lineEnding = 0; name = AnimatedBackgroundView.swift; path = Views/AnimatedBackgroundView.swift; sourceTree = "<group>"; xcLanguageSpecificationIdentifier = xcode.lang.swift; };
		8E9C014E4848CAD8A82E5466 /* Pods.framework */ = {isa = PBXFileReference; explicitFileType = wrapper.framework; includeInIndex = 0; path = Pods.framework; sourceTree = BUILT_PRODUCTS_DIR; };
		C625E569A5B50E8573F2BAB8 /* Pods-nbro.release.xcconfig */ = {isa = PBXFileReference; includeInIndex = 1; lastKnownFileType = text.xcconfig; name = "Pods-nbro.release.xcconfig"; path = "Pods/Target Support Files/Pods-nbro/Pods-nbro.release.xcconfig"; sourceTree = "<group>"; };
		D00F9F6A1E454C15003667B4 /* RootViewController.swift */ = {isa = PBXFileReference; fileEncoding = 4; lastKnownFileType = sourcecode.swift; path = RootViewController.swift; sourceTree = "<group>"; };
		D014CF8E1E4A37F40013AD5F /* ShareImageViewController.swift */ = {isa = PBXFileReference; fileEncoding = 4; lastKnownFileType = sourcecode.swift; path = ShareImageViewController.swift; sourceTree = "<group>"; };
		D02E19041C6F793700D4C3D5 /* EventDetailViewController.swift */ = {isa = PBXFileReference; fileEncoding = 4; lastKnownFileType = sourcecode.swift; path = EventDetailViewController.swift; sourceTree = "<group>"; };
		D02E19061C6F794000D4C3D5 /* EventDetailView.swift */ = {isa = PBXFileReference; fileEncoding = 4; lastKnownFileType = sourcecode.swift; path = EventDetailView.swift; sourceTree = "<group>"; };
		D02E190A1C6FA6D100D4C3D5 /* Exo2-SemiBold.ttf */ = {isa = PBXFileReference; lastKnownFileType = file; path = "Exo2-SemiBold.ttf"; sourceTree = "<group>"; };
		D061ABD51C824DB60094CBAD /* SwitchView.swift */ = {isa = PBXFileReference; fileEncoding = 4; lastKnownFileType = sourcecode.swift; name = SwitchView.swift; path = Views/SwitchView.swift; sourceTree = "<group>"; };
		D07E741A1E538C3C00E98407 /* ImageGenerator.swift */ = {isa = PBXFileReference; fileEncoding = 4; lastKnownFileType = sourcecode.swift; path = ImageGenerator.swift; sourceTree = "<group>"; };
		D0AF553D1E46B8C200789AA3 /* StickerContainerView.swift */ = {isa = PBXFileReference; fileEncoding = 4; lastKnownFileType = sourcecode.swift; path = StickerContainerView.swift; sourceTree = "<group>"; };
		D0AF553E1E46B8C200789AA3 /* StickerView.swift */ = {isa = PBXFileReference; fileEncoding = 4; lastKnownFileType = sourcecode.swift; path = StickerView.swift; sourceTree = "<group>"; };
		D0AF553F1E46B8C200789AA3 /* StickerViewController.swift */ = {isa = PBXFileReference; fileEncoding = 4; lastKnownFileType = sourcecode.swift; path = StickerViewController.swift; sourceTree = "<group>"; };
		D0B0A7161C9212250061D062 /* InformationView.swift */ = {isa = PBXFileReference; fileEncoding = 4; lastKnownFileType = sourcecode.swift; name = InformationView.swift; path = ViewControllers/InformationView.swift; sourceTree = "<group>"; };
		D0B0F8FA1C74F79800955461 /* Exo2-Regular.ttf */ = {isa = PBXFileReference; lastKnownFileType = file; path = "Exo2-Regular.ttf"; sourceTree = "<group>"; };
		D0CD768E1E59AEC6005B08EE /* ImagePickerViewModel.swift */ = {isa = PBXFileReference; fileEncoding = 4; lastKnownFileType = sourcecode.swift; path = ImagePickerViewModel.swift; sourceTree = "<group>"; };
		D0CD76911E59AFC9005B08EE /* ImagePickerCollectionViewCell.swift */ = {isa = PBXFileReference; fileEncoding = 4; lastKnownFileType = sourcecode.swift; path = ImagePickerCollectionViewCell.swift; sourceTree = "<group>"; };
/* End PBXFileReference section */

/* Begin PBXFrameworksBuildPhase section */
		6C9A5C231C60BF72007459A8 /* Frameworks */ = {
			isa = PBXFrameworksBuildPhase;
			buildActionMask = 2147483647;
			files = (
				7C3FAC2CB4E2E18C784AF006 /* Pods_nbro.framework in Frameworks */,
			);
			runOnlyForDeploymentPostprocessing = 0;
		};
/* End PBXFrameworksBuildPhase section */

/* Begin PBXGroup section */
		181FC285B7EFE73C3057C11A /* ViewControllers */ = {
			isa = PBXGroup;
			children = (
				D0CD76901E59AFA7005B08EE /* ImagePicker */,
				6CDA76821E4678DD00A170F5 /* Sticker */,
				D00F9F691E454BDB003667B4 /* Root */,
				6C3144511C71DE7900A138EF /* About */,
				6C65A1F51C6F8C42009015D1 /* Login */,
				6C65A1F21C6F89EA009015D1 /* EventList */,
				D02E19031C6F792300D4C3D5 /* EventDetail */,
				6CB6CC7D1CA144D300B9CD9E /* User */,
				6CB7E56F1D6454EC009B9D66 /* Attendees */,
				684FF32D201BB6BD006F2B31 /* AppIconList */,
			);
			path = ViewControllers;
			sourceTree = "<group>";
		};
		181FC99C36C53CE439F618A7 /* Models */ = {
			isa = PBXGroup;
			children = (
				181FC338CA0EF384A74A91FD /* Event.swift */,
				6CA29E1A1C7F70F50086FE67 /* FacebookProfile.swift */,
				6C6D1EE01E4A3F9E001CD064 /* Sticker.swift */,
				D07E741A1E538C3C00E98407 /* ImageGenerator.swift */,
			);
			path = Models;
			sourceTree = "<group>";
		};
		684FF32D201BB6BD006F2B31 /* AppIconList */ = {
			isa = PBXGroup;
			children = (
				684FF32B201BB6B5006F2B31 /* AppIconListViewController.swift */,
				684FF32E201BB6D6006F2B31 /* AppIconListView.swift */,
				684FF331201BB978006F2B31 /* AppIconCell.swift */,
			);
			name = AppIconList;
			sourceTree = "<group>";
		};
		684FF333201BD077006F2B31 /* Resources */ = {
			isa = PBXGroup;
			children = (
				684FF334201BD080006F2B31 /* AlternateIcons */,
			);
			name = Resources;
			sourceTree = "<group>";
		};
		684FF334201BD080006F2B31 /* AlternateIcons */ = {
			isa = PBXGroup;
			children = (
				684FF351201BF23C006F2B31 /* icon_alt_runpartyrepeat@1x.png */,
				684FF352201BF23C006F2B31 /* icon_alt_runpartyrepeat@2x.png */,
				684FF353201BF23C006F2B31 /* icon_alt_runpartyrepeat@3x.png */,
				684FF34D201BF1EA006F2B31 /* icon_alt_daf@1x.png */,
				684FF34C201BF1EA006F2B31 /* icon_alt_daf@2x.png */,
				684FF34B201BF1EA006F2B31 /* icon_alt_daf@3x.png */,
				684FF344201BF07D006F2B31 /* icon_alt_nbro@1x.png */,
				684FF341201BF07D006F2B31 /* icon_alt_skull@1x.png */,
				684FF342201BF07D006F2B31 /* icon_alt_skull@2x.png */,
				684FF343201BF07D006F2B31 /* icon_alt_skull@3x.png */,
				684FF345201BF07D006F2B31 /* icon_default@1x.png */,
				684FF33C201BEE07006F2B31 /* icon_default@2x.png */,
				684FF33D201BEE07006F2B31 /* icon_default@3x.png */,
				684FF335201BD0A2006F2B31 /* icon_alt_nbro@2x.png */,
				684FF337201BD0A3006F2B31 /* icon_alt_nbro@3x.png */,
			);
			name = AlternateIcons;
			sourceTree = "<group>";
		};
		6C3144511C71DE7900A138EF /* About */ = {
			isa = PBXGroup;
			children = (
				6C3144521C71DEA000A138EF /* AboutViewController.swift */,
				6C3144541C71DEA800A138EF /* AboutView.swift */,
			);
			name = About;
			sourceTree = "<group>";
		};
		6C3144581C71FE3D00A138EF /* Cells */ = {
			isa = PBXGroup;
			children = (
				6C85B2591C74E64900157C93 /* DetailCell */,
				6C31445A1C71FE4F00A138EF /* EventList */,
				6C3144591C71FE4700A138EF /* About */,
				6C4134E51CA2AEC300704797 /* User */,
			);
			name = Cells;
			sourceTree = "<group>";
		};
		6C3144591C71FE4700A138EF /* About */ = {
			isa = PBXGroup;
			children = (
				6C31445D1C71FEFC00A138EF /* AboutLogoCell.swift */,
				6C31445F1C71FF4200A138EF /* AboutTextCell.swift */,
			);
			name = About;
			sourceTree = "<group>";
		};
		6C31445A1C71FE4F00A138EF /* EventList */ = {
			isa = PBXGroup;
			children = (
				6C0EF05A1C6F785300A53017 /* EventCell.swift */,
			);
			name = EventList;
			sourceTree = "<group>";
		};
		6C4134E51CA2AEC300704797 /* User */ = {
			isa = PBXGroup;
			children = (
				6C4134E31CA2AEBE00704797 /* UserProfileCell.swift */,
			);
			name = User;
			sourceTree = "<group>";
		};
		6C4390801C62529800E923D0 /* Managers */ = {
			isa = PBXGroup;
			children = (
				6C5BADA41C8716E700A0ECD0 /* FacebookManager.swift */,
				6C7337071C73224300744511 /* ImageCatalog.swift */,
				6CA29E1C1C7F74FD0086FE67 /* TrackingManager.swift */,
				6CD06B481C804E0700351A20 /* DissmissAnimator.swift */,
				6CD06B4A1C80501A00351A20 /* Interactor.swift */,
				684FF357201BF5B9006F2B31 /* ReviewManager.swift */,
			);
			name = Managers;
			sourceTree = "<group>";
		};
		6C4427E61C88A2940037D609 /* Settings */ = {
			isa = PBXGroup;
			children = (
				6C4427E71C88A2A80037D609 /* Settings.bundle */,
			);
			name = Settings;
			sourceTree = "<group>";
		};
		6C5BAD9F1C87168E00A0ECD0 /* Sounds */ = {
			isa = PBXGroup;
			children = (
				6C5BADAC1C87171D00A0ECD0 /* pop.aiff */,
			);
			name = Sounds;
			sourceTree = "<group>";
		};
		6C65A1F21C6F89EA009015D1 /* EventList */ = {
			isa = PBXGroup;
			children = (
				181FC69C072EEB0317D5CFC2 /* EventListViewController.swift */,
				6C65A1F31C6F8A05009015D1 /* EventListView.swift */,
			);
			name = EventList;
			sourceTree = "<group>";
		};
		6C65A1F51C6F8C42009015D1 /* Login */ = {
			isa = PBXGroup;
			children = (
				6C2123EF1C6A753100DB7EE7 /* LoginViewController.swift */,
				6C65A1F81C6F99B0009015D1 /* LoginView.swift */,
			);
			name = Login;
			sourceTree = "<group>";
		};
		6C6D1EE21E4A4165001CD064 /* stickers-svg */ = {
			isa = PBXGroup;
			children = (
				684FF325201B852E006F2B31 /* sticker_nbro_black.svg */,
				684FF326201B852E006F2B31 /* sticker_nbro_white.svg */,
				684FF30C201B83F2006F2B31 /* sticker_bloody_white.svg */,
				684FF30E201B83F2006F2B31 /* sticker_btg_white.svg */,
				684FF307201B83F1006F2B31 /* sticker_daf_white.svg */,
				684FF310201B83F2006F2B31 /* sticker_foamfinger_white.svg */,
				684FF313201B83F3006F2B31 /* sticker_friday_white.svg */,
				684FF30A201B83F1006F2B31 /* sticker_long_white.svg */,
				684FF314201B83F3006F2B31 /* sticker_madness_white.svg */,
				684FF30B201B83F1006F2B31 /* sticker_mellow_white.svg */,
				684FF309201B83F1006F2B31 /* sticker_nbro_alt_white.svg */,
				684FF30F201B83F2006F2B31 /* sticker_nbro_white.svg */,
				684FF30D201B83F2006F2B31 /* sticker_neverrunalone_white.svg */,
				684FF312201B83F3006F2B31 /* sticker_run-repeat_white.svg */,
				684FF308201B83F1006F2B31 /* sticker_runner_white.svg */,
				684FF315201B83F3006F2B31 /* sticker_sunday_white.svg */,
				684FF311201B83F3006F2B31 /* sticker_tgit_white.svg */,
				684FF2F7201B813E006F2B31 /* sticker_bloody_black.svg */,
				684FF2F3201B813D006F2B31 /* sticker_btg_black.svg */,
				684FF2F4201B813D006F2B31 /* sticker_daf_black.svg */,
				684FF2F5201B813D006F2B31 /* sticker_foamfinger_black.svg */,
				684FF2F1201B813D006F2B31 /* sticker_friday_black.svg */,
				684FF2E9201B813C006F2B31 /* sticker_long_black.svg */,
				684FF2F2201B813D006F2B31 /* sticker_madness_black.svg */,
				684FF2EC201B813D006F2B31 /* sticker_mellow_black.svg */,
				684FF2EF201B813D006F2B31 /* sticker_nbro_alt_black.svg */,
				684FF2ED201B813D006F2B31 /* sticker_neverrunalone_black.svg */,
				684FF2EA201B813D006F2B31 /* sticker_run-repeat_black.svg */,
				684FF2F0201B813D006F2B31 /* sticker_runner_black.svg */,
				684FF2EE201B813D006F2B31 /* sticker_sunday_black.svg */,
				684FF2EB201B813D006F2B31 /* sticker_tgit_black.svg */,
			);
			name = "stickers-svg";
			sourceTree = "<group>";
		};
		6C85B2591C74E64900157C93 /* DetailCell */ = {
			isa = PBXGroup;
			children = (
				6C5BADA01C8716C300A0ECD0 /* DetailCell.swift */,
			);
			name = DetailCell;
			sourceTree = "<group>";
		};
		6C8AF9D41C6E7FE8004D4789 /* Fonts */ = {
			isa = PBXGroup;
			children = (
				D0B0F8FA1C74F79800955461 /* Exo2-Regular.ttf */,
				6C3144651C72398D00A138EF /* Exo2-Medium.ttf */,
				D02E190A1C6FA6D100D4C3D5 /* Exo2-SemiBold.ttf */,
				6C8AF9DC1C6E83E3004D4789 /* Exo2-Bold.ttf */,
				6C8AF9D51C6E7FF4004D4789 /* Exo2-Light.ttf */,
				6C8AF9D61C6E7FF4004D4789 /* MyriadPro-BoldCond.otf */,
			);
			name = Fonts;
			sourceTree = "<group>";
		};
		6C8AF9D91C6E8336004D4789 /* Extension */ = {
			isa = PBXGroup;
			children = (
				6C5BADA21C8716D600A0ECD0 /* UIFont+NBRO.swift */,
				6C0EF05C1C6F80C600A53017 /* String+Additions.swift */,
				6C3144561C71E23400A138EF /* UIImage+Additions.swift */,
				6C3144631C72128F00A138EF /* UIColor+HEX.swift */,
				6C402B231C7331BD00E57613 /* Array+Additions.swift */,
			);
			name = Extension;
			sourceTree = "<group>";
		};
		6C9A5C1D1C60BF72007459A8 = {
			isa = PBXGroup;
			children = (
				6C9A5C281C60BF72007459A8 /* nbro */,
				6C9A5C271C60BF72007459A8 /* Products */,
				A05B29ACBF8D0F7572CDE138 /* Frameworks */,
				8F26A26E7E050EE678753DC9 /* Pods */,
			);
			sourceTree = "<group>";
		};
		6C9A5C271C60BF72007459A8 /* Products */ = {
			isa = PBXGroup;
			children = (
				6C9A5C261C60BF72007459A8 /* nbro.app */,
			);
			name = Products;
			sourceTree = "<group>";
		};
		6C9A5C281C60BF72007459A8 /* nbro */ = {
			isa = PBXGroup;
			children = (
				684FF333201BD077006F2B31 /* Resources */,
				6C4427E61C88A2940037D609 /* Settings */,
				6C5BAD9F1C87168E00A0ECD0 /* Sounds */,
				D02E19001C6F728A00D4C3D5 /* Views */,
				6C8AF9D91C6E8336004D4789 /* Extension */,
				6C8AF9D41C6E7FE8004D4789 /* Fonts */,
				6C4390801C62529800E923D0 /* Managers */,
				6C2D28F61C60C496003E5C74 /* Assets.xcassets */,
				6870FA3C201797260067DDA8 /* LaunchScreen.xib */,
				6C6D1EE21E4A4165001CD064 /* stickers-svg */,
				6C9A5C291C60BF72007459A8 /* AppDelegate.swift */,
				6C9A5C351C60BF72007459A8 /* Info.plist */,
				181FC285B7EFE73C3057C11A /* ViewControllers */,
				6C4390851C62537600E923D0 /* Bridging-Header.h */,
				181FC99C36C53CE439F618A7 /* Models */,
			);
			path = nbro;
			sourceTree = "<group>";
		};
		6CB6CC7D1CA144D300B9CD9E /* User */ = {
			isa = PBXGroup;
			children = (
				6CB6CC7B1CA144CC00B9CD9E /* UserViewController.swift */,
				6CB6CC7E1CA1472600B9CD9E /* UserView.swift */,
			);
			name = User;
			sourceTree = "<group>";
		};
		6CB7E56F1D6454EC009B9D66 /* Attendees */ = {
			isa = PBXGroup;
			children = (
				6CB7E56D1D6454E4009B9D66 /* AttendeesViewController.swift */,
				6CB7E5701D645501009B9D66 /* AttendeesView.swift */,
			);
			name = Attendees;
			sourceTree = "<group>";
		};
		6CDA76821E4678DD00A170F5 /* Sticker */ = {
			isa = PBXGroup;
			children = (
				D0AF553D1E46B8C200789AA3 /* StickerContainerView.swift */,
				D0AF553E1E46B8C200789AA3 /* StickerView.swift */,
				D0AF553F1E46B8C200789AA3 /* StickerViewController.swift */,
				6CDA76831E46790000A170F5 /* StickerBrowserViewController.swift */,
				6CDA76851E46791A00A170F5 /* StickerBrowserView.swift */,
				6CDA76871E46819E00A170F5 /* StickerBrowserCell.swift */,
				D014CF8E1E4A37F40013AD5F /* ShareImageViewController.swift */,
				6CCBC1DF1E53845B00B0D1C7 /* ToolsView.swift */,
			);
			name = Sticker;
			sourceTree = "<group>";
		};
		8F26A26E7E050EE678753DC9 /* Pods */ = {
			isa = PBXGroup;
			children = (
				07E660ECEE8004E91C4D7C6F /* Pods-nbro.debug.xcconfig */,
				C625E569A5B50E8573F2BAB8 /* Pods-nbro.release.xcconfig */,
			);
			name = Pods;
			sourceTree = "<group>";
		};
		A05B29ACBF8D0F7572CDE138 /* Frameworks */ = {
			isa = PBXGroup;
			children = (
				8E9C014E4848CAD8A82E5466 /* Pods.framework */,
				28A4103618D22CDAFD83965B /* Pods_nbro.framework */,
			);
			name = Frameworks;
			sourceTree = "<group>";
		};
		D00F9F691E454BDB003667B4 /* Root */ = {
			isa = PBXGroup;
			children = (
				D00F9F6A1E454C15003667B4 /* RootViewController.swift */,
			);
			name = Root;
			sourceTree = "<group>";
		};
		D02E19001C6F728A00D4C3D5 /* Views */ = {
			isa = PBXGroup;
			children = (
				685328DD2019EAD1000D510C /* LoadingView.swift */,
				6C3144581C71FE3D00A138EF /* Cells */,
				6C5BADA61C8716F600A0ECD0 /* LaunchImageView.swift */,
				D0B0A7161C9212250061D062 /* InformationView.swift */,
				6CDDFAF81C6FC988002F9687 /* AnimatedBackgroundView.swift */,
				D061ABD51C824DB60094CBAD /* SwitchView.swift */,
				6C5BADAA1C87171000A0ECD0 /* DetailLabelView.swift */,
				6CD06B4C1C805FBC00351A20 /* AttendEventButtonView.swift */,
			);
			name = Views;
			sourceTree = "<group>";
		};
		D02E19031C6F792300D4C3D5 /* EventDetail */ = {
			isa = PBXGroup;
			children = (
				D02E19041C6F793700D4C3D5 /* EventDetailViewController.swift */,
				D02E19061C6F794000D4C3D5 /* EventDetailView.swift */,
			);
			name = EventDetail;
			sourceTree = "<group>";
		};
		D0CD76901E59AFA7005B08EE /* ImagePicker */ = {
			isa = PBXGroup;
			children = (
				6CDA76891E46A36900A170F5 /* ImagePickerViewController.swift */,
				6CDA768B1E46A37B00A170F5 /* ImagePickerView.swift */,
				D0CD768E1E59AEC6005B08EE /* ImagePickerViewModel.swift */,
				D0CD76911E59AFC9005B08EE /* ImagePickerCollectionViewCell.swift */,
				684FF329201B8F53006F2B31 /* ImagePickerHelperView.swift */,
			);
			name = ImagePicker;
			sourceTree = "<group>";
		};
/* End PBXGroup section */

/* Begin PBXNativeTarget section */
		6C9A5C251C60BF72007459A8 /* nbro */ = {
			isa = PBXNativeTarget;
			buildConfigurationList = 6C9A5C381C60BF72007459A8 /* Build configuration list for PBXNativeTarget "nbro" */;
			buildPhases = (
				E0061868EC26A05A31086526 /* [CP] Check Pods Manifest.lock */,
				6C9A5C221C60BF72007459A8 /* Sources */,
				6C9A5C231C60BF72007459A8 /* Frameworks */,
				6C9A5C241C60BF72007459A8 /* Resources */,
				6CA29E191C7F67AC0086FE67 /* Fabric */,
				91C20A8A6848C4C751F865BF /* [CP] Embed Pods Frameworks */,
				193689D309A4D7DBEA36044C /* [CP] Copy Pods Resources */,
			);
			buildRules = (
			);
			dependencies = (
			);
			name = nbro;
			productName = nbro;
			productReference = 6C9A5C261C60BF72007459A8 /* nbro.app */;
			productType = "com.apple.product-type.application";
		};
/* End PBXNativeTarget section */

/* Begin PBXProject section */
		6C9A5C1E1C60BF72007459A8 /* Project object */ = {
			isa = PBXProject;
			attributes = {
				LastSwiftUpdateCheck = 0720;
				LastUpgradeCheck = 0920;
				ORGANIZATIONNAME = Bob;
				TargetAttributes = {
					6C9A5C251C60BF72007459A8 = {
						CreatedOnToolsVersion = 7.2;
						DevelopmentTeam = 6QPB2W4T9D;
						LastSwiftMigration = 0920;
					};
				};
			};
			buildConfigurationList = 6C9A5C211C60BF72007459A8 /* Build configuration list for PBXProject "nbro" */;
			compatibilityVersion = "Xcode 3.2";
			developmentRegion = English;
			hasScannedForEncodings = 0;
			knownRegions = (
				en,
				Base,
			);
			mainGroup = 6C9A5C1D1C60BF72007459A8;
			productRefGroup = 6C9A5C271C60BF72007459A8 /* Products */;
			projectDirPath = "";
			projectRoot = "";
			targets = (
				6C9A5C251C60BF72007459A8 /* nbro */,
			);
		};
/* End PBXProject section */

/* Begin PBXResourcesBuildPhase section */
		6C9A5C241C60BF72007459A8 /* Resources */ = {
			isa = PBXResourcesBuildPhase;
			buildActionMask = 2147483647;
			files = (
				684FF338201BD0A3006F2B31 /* icon_alt_nbro@2x.png in Resources */,
				684FF320201B83F3006F2B31 /* sticker_tgit_white.svg in Resources */,
				684FF350201BF1EB006F2B31 /* icon_alt_daf@1x.png in Resources */,
				684FF31B201B83F3006F2B31 /* sticker_bloody_white.svg in Resources */,
				6C8AF9D71C6E7FFB004D4789 /* Exo2-Light.ttf in Resources */,
				684FF348201BF07D006F2B31 /* icon_alt_skull@3x.png in Resources */,
				684FF346201BF07D006F2B31 /* icon_alt_skull@1x.png in Resources */,
				6C3144661C723A2900A138EF /* Exo2-Medium.ttf in Resources */,
				684FF34F201BF1EB006F2B31 /* icon_alt_daf@2x.png in Resources */,
				684FF31F201B83F3006F2B31 /* sticker_foamfinger_white.svg in Resources */,
				684FF34A201BF07D006F2B31 /* icon_default@1x.png in Resources */,
				684FF304201B813E006F2B31 /* sticker_foamfinger_black.svg in Resources */,
				684FF2FB201B813E006F2B31 /* sticker_mellow_black.svg in Resources */,
				684FF316201B83F3006F2B31 /* sticker_daf_white.svg in Resources */,
				6C8AF9DD1C6E843D004D4789 /* Exo2-Bold.ttf in Resources */,
				684FF303201B813E006F2B31 /* sticker_daf_black.svg in Resources */,
				684FF33F201BEE07006F2B31 /* icon_default@2x.png in Resources */,
				684FF306201B813E006F2B31 /* sticker_bloody_black.svg in Resources */,
				6C5BADAD1C87171D00A0ECD0 /* pop.aiff in Resources */,
				684FF2FE201B813E006F2B31 /* sticker_nbro_alt_black.svg in Resources */,
				684FF301201B813E006F2B31 /* sticker_madness_black.svg in Resources */,
				D02E190B1C6FA6D500D4C3D5 /* Exo2-SemiBold.ttf in Resources */,
				684FF2F9201B813E006F2B31 /* sticker_run-repeat_black.svg in Resources */,
				684FF34E201BF1EB006F2B31 /* icon_alt_daf@3x.png in Resources */,
				684FF2F8201B813E006F2B31 /* sticker_long_black.svg in Resources */,
				684FF328201B852E006F2B31 /* sticker_nbro_white.svg in Resources */,
				D0B0F8FB1C74F79800955461 /* Exo2-Regular.ttf in Resources */,
				684FF302201B813E006F2B31 /* sticker_btg_black.svg in Resources */,
				684FF349201BF07D006F2B31 /* icon_alt_nbro@1x.png in Resources */,
				684FF347201BF07D006F2B31 /* icon_alt_skull@2x.png in Resources */,
				6870FA3E201797260067DDA8 /* LaunchScreen.xib in Resources */,
				684FF355201BF23C006F2B31 /* icon_alt_runpartyrepeat@2x.png in Resources */,
				684FF318201B83F3006F2B31 /* sticker_nbro_alt_white.svg in Resources */,
				684FF2FD201B813E006F2B31 /* sticker_sunday_black.svg in Resources */,
				684FF356201BF23C006F2B31 /* icon_alt_runpartyrepeat@3x.png in Resources */,
				684FF319201B83F3006F2B31 /* sticker_long_white.svg in Resources */,
				684FF322201B83F3006F2B31 /* sticker_friday_white.svg in Resources */,
				684FF31C201B83F3006F2B31 /* sticker_neverrunalone_white.svg in Resources */,
				684FF300201B813E006F2B31 /* sticker_friday_black.svg in Resources */,
				6C8AF9D81C6E7FFB004D4789 /* MyriadPro-BoldCond.otf in Resources */,
				684FF31D201B83F3006F2B31 /* sticker_btg_white.svg in Resources */,
				6C4427E81C88A2A80037D609 /* Settings.bundle in Resources */,
				684FF2FF201B813E006F2B31 /* sticker_runner_black.svg in Resources */,
				684FF324201B83F3006F2B31 /* sticker_sunday_white.svg in Resources */,
				684FF31E201B83F3006F2B31 /* sticker_nbro_white.svg in Resources */,
				684FF31A201B83F3006F2B31 /* sticker_mellow_white.svg in Resources */,
				684FF33A201BD0A3006F2B31 /* icon_alt_nbro@3x.png in Resources */,
				684FF317201B83F3006F2B31 /* sticker_runner_white.svg in Resources */,
				6C2D28F71C60C496003E5C74 /* Assets.xcassets in Resources */,
				684FF323201B83F3006F2B31 /* sticker_madness_white.svg in Resources */,
				684FF2FA201B813E006F2B31 /* sticker_tgit_black.svg in Resources */,
				684FF340201BEE07006F2B31 /* icon_default@3x.png in Resources */,
				684FF327201B852E006F2B31 /* sticker_nbro_black.svg in Resources */,
				684FF321201B83F3006F2B31 /* sticker_run-repeat_white.svg in Resources */,
				684FF354201BF23C006F2B31 /* icon_alt_runpartyrepeat@1x.png in Resources */,
				684FF2FC201B813E006F2B31 /* sticker_neverrunalone_black.svg in Resources */,
			);
			runOnlyForDeploymentPostprocessing = 0;
		};
/* End PBXResourcesBuildPhase section */

/* Begin PBXShellScriptBuildPhase section */
		193689D309A4D7DBEA36044C /* [CP] Copy Pods Resources */ = {
			isa = PBXShellScriptBuildPhase;
			buildActionMask = 2147483647;
			files = (
			);
			inputPaths = (
			);
			name = "[CP] Copy Pods Resources";
			outputPaths = (
			);
			runOnlyForDeploymentPostprocessing = 0;
			shellPath = /bin/sh;
			shellScript = "\"${SRCROOT}/Pods/Target Support Files/Pods-nbro/Pods-nbro-resources.sh\"\n";
			showEnvVarsInLog = 0;
		};
		6CA29E191C7F67AC0086FE67 /* Fabric */ = {
			isa = PBXShellScriptBuildPhase;
			buildActionMask = 2147483647;
			files = (
			);
			inputPaths = (
			);
			name = Fabric;
			outputPaths = (
			);
			runOnlyForDeploymentPostprocessing = 0;
			shellPath = /bin/sh;
			shellScript = "\"${PODS_ROOT}/Fabric/run\" 25b0af9cb9222e07a9f9087f58cfd627ea25f281 eb4873ecef83394bf14bbf3a911da31385466ad68104591d64cf315199ca85a2";
		};
		91C20A8A6848C4C751F865BF /* [CP] Embed Pods Frameworks */ = {
			isa = PBXShellScriptBuildPhase;
			buildActionMask = 2147483647;
			files = (
			);
			inputPaths = (
				"${SRCROOT}/Pods/Target Support Files/Pods-nbro/Pods-nbro-frameworks.sh",
				"${BUILT_PRODUCTS_DIR}/AFDateHelper/AFDateHelper.framework",
				"${BUILT_PRODUCTS_DIR}/Bolts/Bolts.framework",
				"${BUILT_PRODUCTS_DIR}/CocoaLumberjack/CocoaLumberjack.framework",
				"${BUILT_PRODUCTS_DIR}/FBSDKCoreKit/FBSDKCoreKit.framework",
				"${BUILT_PRODUCTS_DIR}/FBSDKLoginKit/FBSDKLoginKit.framework",
				"${BUILT_PRODUCTS_DIR}/L360Confetti/L360Confetti.framework",
				"${PODS_ROOT}/Mapbox-iOS-SDK/dynamic/Mapbox.framework",
				"${BUILT_PRODUCTS_DIR}/Nuke/Nuke.framework",
				"${BUILT_PRODUCTS_DIR}/SVGKit/SVGKit.framework",
				"${BUILT_PRODUCTS_DIR}/Shimmer/Shimmer.framework",
				"${BUILT_PRODUCTS_DIR}/SnapKit/SnapKit.framework",
			);
			name = "[CP] Embed Pods Frameworks";
			outputPaths = (
				"${TARGET_BUILD_DIR}/${FRAMEWORKS_FOLDER_PATH}/AFDateHelper.framework",
				"${TARGET_BUILD_DIR}/${FRAMEWORKS_FOLDER_PATH}/Bolts.framework",
				"${TARGET_BUILD_DIR}/${FRAMEWORKS_FOLDER_PATH}/CocoaLumberjack.framework",
				"${TARGET_BUILD_DIR}/${FRAMEWORKS_FOLDER_PATH}/FBSDKCoreKit.framework",
				"${TARGET_BUILD_DIR}/${FRAMEWORKS_FOLDER_PATH}/FBSDKLoginKit.framework",
				"${TARGET_BUILD_DIR}/${FRAMEWORKS_FOLDER_PATH}/L360Confetti.framework",
				"${TARGET_BUILD_DIR}/${FRAMEWORKS_FOLDER_PATH}/Mapbox.framework",
				"${TARGET_BUILD_DIR}/${FRAMEWORKS_FOLDER_PATH}/Nuke.framework",
				"${TARGET_BUILD_DIR}/${FRAMEWORKS_FOLDER_PATH}/SVGKit.framework",
				"${TARGET_BUILD_DIR}/${FRAMEWORKS_FOLDER_PATH}/Shimmer.framework",
				"${TARGET_BUILD_DIR}/${FRAMEWORKS_FOLDER_PATH}/SnapKit.framework",
			);
			runOnlyForDeploymentPostprocessing = 0;
			shellPath = /bin/sh;
			shellScript = "\"${SRCROOT}/Pods/Target Support Files/Pods-nbro/Pods-nbro-frameworks.sh\"\n";
			showEnvVarsInLog = 0;
		};
		E0061868EC26A05A31086526 /* [CP] Check Pods Manifest.lock */ = {
			isa = PBXShellScriptBuildPhase;
			buildActionMask = 2147483647;
			files = (
			);
			inputPaths = (
				"${PODS_PODFILE_DIR_PATH}/Podfile.lock",
				"${PODS_ROOT}/Manifest.lock",
			);
			name = "[CP] Check Pods Manifest.lock";
			outputPaths = (
				"$(DERIVED_FILE_DIR)/Pods-nbro-checkManifestLockResult.txt",
			);
			runOnlyForDeploymentPostprocessing = 0;
			shellPath = /bin/sh;
			shellScript = "diff \"${PODS_PODFILE_DIR_PATH}/Podfile.lock\" \"${PODS_ROOT}/Manifest.lock\" > /dev/null\nif [ $? != 0 ] ; then\n    # print error to STDERR\n    echo \"error: The sandbox is not in sync with the Podfile.lock. Run 'pod install' or update your CocoaPods installation.\" >&2\n    exit 1\nfi\n# This output is used by Xcode 'outputs' to avoid re-running this script phase.\necho \"SUCCESS\" > \"${SCRIPT_OUTPUT_FILE_0}\"\n";
			showEnvVarsInLog = 0;
		};
/* End PBXShellScriptBuildPhase section */

/* Begin PBXSourcesBuildPhase section */
		6C9A5C221C60BF72007459A8 /* Sources */ = {
			isa = PBXSourcesBuildPhase;
			buildActionMask = 2147483647;
			files = (
				6CB7E5711D645501009B9D66 /* AttendeesView.swift in Sources */,
				6C0EF05B1C6F785300A53017 /* EventCell.swift in Sources */,
				6CDA76841E46790000A170F5 /* StickerBrowserViewController.swift in Sources */,
				6C3144551C71DEA800A138EF /* AboutView.swift in Sources */,
				6CA29E1B1C7F70F50086FE67 /* FacebookProfile.swift in Sources */,
				6CB6CC7F1CA1472600B9CD9E /* UserView.swift in Sources */,
				684FF332201BB978006F2B31 /* AppIconCell.swift in Sources */,
				D0CD76921E59AFC9005B08EE /* ImagePickerCollectionViewCell.swift in Sources */,
				6C65A1F41C6F8A05009015D1 /* EventListView.swift in Sources */,
				D061ABD61C824DB60094CBAD /* SwitchView.swift in Sources */,
				6C5BADA31C8716D600A0ECD0 /* UIFont+NBRO.swift in Sources */,
				6CCBC1E01E53845B00B0D1C7 /* ToolsView.swift in Sources */,
				6CDA76881E46819E00A170F5 /* StickerBrowserCell.swift in Sources */,
				6C402B241C7331BD00E57613 /* Array+Additions.swift in Sources */,
				6C31445E1C71FEFC00A138EF /* AboutLogoCell.swift in Sources */,
				D07E741B1E538C3C00E98407 /* ImageGenerator.swift in Sources */,
				685328DE2019EAD1000D510C /* LoadingView.swift in Sources */,
				D00F9F6B1E454C15003667B4 /* RootViewController.swift in Sources */,
				6C5BADA51C8716E700A0ECD0 /* FacebookManager.swift in Sources */,
				6CDA768C1E46A37B00A170F5 /* ImagePickerView.swift in Sources */,
				684FF32F201BB6D6006F2B31 /* AppIconListView.swift in Sources */,
				6C9A5C2A1C60BF72007459A8 /* AppDelegate.swift in Sources */,
				D0AF55421E46B8C200789AA3 /* StickerViewController.swift in Sources */,
				181FC20B9B42C364690B0448 /* EventListViewController.swift in Sources */,
				6C3144571C71E23400A138EF /* UIImage+Additions.swift in Sources */,
				6C4134E41CA2AEBE00704797 /* UserProfileCell.swift in Sources */,
				6C5BADAB1C87171000A0ECD0 /* DetailLabelView.swift in Sources */,
				6CDA76861E46791A00A170F5 /* StickerBrowserView.swift in Sources */,
				684FF358201BF5B9006F2B31 /* ReviewManager.swift in Sources */,
				6C3144601C71FF4200A138EF /* AboutTextCell.swift in Sources */,
				D0B0A7171C9212250061D062 /* InformationView.swift in Sources */,
				6C0EF05D1C6F80C600A53017 /* String+Additions.swift in Sources */,
				6C3144641C72128F00A138EF /* UIColor+HEX.swift in Sources */,
				6C2123F01C6A753100DB7EE7 /* LoginViewController.swift in Sources */,
				684FF32C201BB6B5006F2B31 /* AppIconListViewController.swift in Sources */,
				6C7337081C73224300744511 /* ImageCatalog.swift in Sources */,
				684FF32A201B8F53006F2B31 /* ImagePickerHelperView.swift in Sources */,
				D02E19071C6F794000D4C3D5 /* EventDetailView.swift in Sources */,
				6CB6CC7C1CA144CC00B9CD9E /* UserViewController.swift in Sources */,
				6CD06B491C804E0700351A20 /* DissmissAnimator.swift in Sources */,
				D0AF55411E46B8C200789AA3 /* StickerView.swift in Sources */,
				D0CD768F1E59AEC6005B08EE /* ImagePickerViewModel.swift in Sources */,
				D0AF55401E46B8C200789AA3 /* StickerContainerView.swift in Sources */,
				6C6D1EE11E4A3F9E001CD064 /* Sticker.swift in Sources */,
				6C5BADA11C8716C300A0ECD0 /* DetailCell.swift in Sources */,
				6CDDFAF91C6FC988002F9687 /* AnimatedBackgroundView.swift in Sources */,
				6C5BADA71C8716F600A0ECD0 /* LaunchImageView.swift in Sources */,
				6CD06B4D1C805FBC00351A20 /* AttendEventButtonView.swift in Sources */,
				6CD06B4B1C80501A00351A20 /* Interactor.swift in Sources */,
				6C65A1F91C6F99B0009015D1 /* LoginView.swift in Sources */,
				D02E19051C6F793700D4C3D5 /* EventDetailViewController.swift in Sources */,
				6C3144531C71DEA000A138EF /* AboutViewController.swift in Sources */,
				6CB7E56E1D6454E4009B9D66 /* AttendeesViewController.swift in Sources */,
				6CDA768A1E46A36900A170F5 /* ImagePickerViewController.swift in Sources */,
				181FC68ED212E98808EB164D /* Event.swift in Sources */,
				6CA29E1D1C7F74FD0086FE67 /* TrackingManager.swift in Sources */,
				D014CF8F1E4A37F40013AD5F /* ShareImageViewController.swift in Sources */,
			);
			runOnlyForDeploymentPostprocessing = 0;
		};
/* End PBXSourcesBuildPhase section */

/* Begin PBXVariantGroup section */
		6870FA3C201797260067DDA8 /* LaunchScreen.xib */ = {
			isa = PBXVariantGroup;
			children = (
				6870FA3D201797260067DDA8 /* Base */,
			);
			name = LaunchScreen.xib;
			sourceTree = "<group>";
		};
/* End PBXVariantGroup section */

/* Begin XCBuildConfiguration section */
		6C9A5C361C60BF72007459A8 /* Debug */ = {
			isa = XCBuildConfiguration;
			buildSettings = {
				ALWAYS_SEARCH_USER_PATHS = NO;
				CLANG_CXX_LANGUAGE_STANDARD = "gnu++0x";
				CLANG_CXX_LIBRARY = "libc++";
				CLANG_ENABLE_MODULES = YES;
				CLANG_ENABLE_OBJC_ARC = YES;
				CLANG_WARN_BLOCK_CAPTURE_AUTORELEASING = YES;
				CLANG_WARN_BOOL_CONVERSION = YES;
				CLANG_WARN_COMMA = YES;
				CLANG_WARN_CONSTANT_CONVERSION = YES;
				CLANG_WARN_DIRECT_OBJC_ISA_USAGE = YES_ERROR;
				CLANG_WARN_EMPTY_BODY = YES;
				CLANG_WARN_ENUM_CONVERSION = YES;
				CLANG_WARN_INFINITE_RECURSION = YES;
				CLANG_WARN_INT_CONVERSION = YES;
				CLANG_WARN_NON_LITERAL_NULL_CONVERSION = YES;
				CLANG_WARN_OBJC_LITERAL_CONVERSION = YES;
				CLANG_WARN_OBJC_ROOT_CLASS = YES_ERROR;
				CLANG_WARN_RANGE_LOOP_ANALYSIS = YES;
				CLANG_WARN_STRICT_PROTOTYPES = YES;
				CLANG_WARN_SUSPICIOUS_MOVE = YES;
				CLANG_WARN_UNREACHABLE_CODE = YES;
				CLANG_WARN__DUPLICATE_METHOD_MATCH = YES;
				"CODE_SIGN_IDENTITY[sdk=iphoneos*]" = "iPhone Developer";
				COPY_PHASE_STRIP = NO;
				DEBUG_INFORMATION_FORMAT = dwarf;
				ENABLE_STRICT_OBJC_MSGSEND = YES;
				ENABLE_TESTABILITY = YES;
				GCC_C_LANGUAGE_STANDARD = gnu99;
				GCC_DYNAMIC_NO_PIC = NO;
				GCC_NO_COMMON_BLOCKS = YES;
				GCC_OPTIMIZATION_LEVEL = 0;
				GCC_PREPROCESSOR_DEFINITIONS = (
					"DEBUG=1",
					"$(inherited)",
				);
				GCC_WARN_64_TO_32_BIT_CONVERSION = YES;
				GCC_WARN_ABOUT_RETURN_TYPE = YES_ERROR;
				GCC_WARN_UNDECLARED_SELECTOR = YES;
				GCC_WARN_UNINITIALIZED_AUTOS = YES_AGGRESSIVE;
				GCC_WARN_UNUSED_FUNCTION = YES;
				GCC_WARN_UNUSED_VARIABLE = YES;
				IPHONEOS_DEPLOYMENT_TARGET = 9.2;
				MTL_ENABLE_DEBUG_INFO = YES;
				ONLY_ACTIVE_ARCH = YES;
				SDKROOT = iphoneos;
				SWIFT_OPTIMIZATION_LEVEL = "-Onone";
			};
			name = Debug;
		};
		6C9A5C371C60BF72007459A8 /* Release */ = {
			isa = XCBuildConfiguration;
			buildSettings = {
				ALWAYS_SEARCH_USER_PATHS = NO;
				CLANG_CXX_LANGUAGE_STANDARD = "gnu++0x";
				CLANG_CXX_LIBRARY = "libc++";
				CLANG_ENABLE_MODULES = YES;
				CLANG_ENABLE_OBJC_ARC = YES;
				CLANG_WARN_BLOCK_CAPTURE_AUTORELEASING = YES;
				CLANG_WARN_BOOL_CONVERSION = YES;
				CLANG_WARN_COMMA = YES;
				CLANG_WARN_CONSTANT_CONVERSION = YES;
				CLANG_WARN_DIRECT_OBJC_ISA_USAGE = YES_ERROR;
				CLANG_WARN_EMPTY_BODY = YES;
				CLANG_WARN_ENUM_CONVERSION = YES;
				CLANG_WARN_INFINITE_RECURSION = YES;
				CLANG_WARN_INT_CONVERSION = YES;
				CLANG_WARN_NON_LITERAL_NULL_CONVERSION = YES;
				CLANG_WARN_OBJC_LITERAL_CONVERSION = YES;
				CLANG_WARN_OBJC_ROOT_CLASS = YES_ERROR;
				CLANG_WARN_RANGE_LOOP_ANALYSIS = YES;
				CLANG_WARN_STRICT_PROTOTYPES = YES;
				CLANG_WARN_SUSPICIOUS_MOVE = YES;
				CLANG_WARN_UNREACHABLE_CODE = YES;
				CLANG_WARN__DUPLICATE_METHOD_MATCH = YES;
				"CODE_SIGN_IDENTITY[sdk=iphoneos*]" = "iPhone Developer";
				COPY_PHASE_STRIP = NO;
				DEBUG_INFORMATION_FORMAT = "dwarf-with-dsym";
				ENABLE_NS_ASSERTIONS = NO;
				ENABLE_STRICT_OBJC_MSGSEND = YES;
				GCC_C_LANGUAGE_STANDARD = gnu99;
				GCC_NO_COMMON_BLOCKS = YES;
				GCC_WARN_64_TO_32_BIT_CONVERSION = YES;
				GCC_WARN_ABOUT_RETURN_TYPE = YES_ERROR;
				GCC_WARN_UNDECLARED_SELECTOR = YES;
				GCC_WARN_UNINITIALIZED_AUTOS = YES_AGGRESSIVE;
				GCC_WARN_UNUSED_FUNCTION = YES;
				GCC_WARN_UNUSED_VARIABLE = YES;
				IPHONEOS_DEPLOYMENT_TARGET = 9.2;
				MTL_ENABLE_DEBUG_INFO = NO;
				SDKROOT = iphoneos;
				SWIFT_OPTIMIZATION_LEVEL = "-Owholemodule";
				VALIDATE_PRODUCT = YES;
			};
			name = Release;
		};
		6C9A5C391C60BF72007459A8 /* Debug */ = {
			isa = XCBuildConfiguration;
			baseConfigurationReference = 07E660ECEE8004E91C4D7C6F /* Pods-nbro.debug.xcconfig */;
			buildSettings = {
				ALWAYS_EMBED_SWIFT_STANDARD_LIBRARIES = YES;
				ASSETCATALOG_COMPILER_APPICON_NAME = icon_default;
				CODE_SIGN_IDENTITY = "iPhone Developer: Casper Storm Larsen (8Y7745NBEV)";
				"CODE_SIGN_IDENTITY[sdk=iphoneos*]" = "iPhone Developer";
				CURRENT_PROJECT_VERSION = 27;
				DEBUG_INFORMATION_FORMAT = "dwarf-with-dsym";
				DEVELOPMENT_TEAM = 6QPB2W4T9D;
				INFOPLIST_FILE = nbro/Info.plist;
				IPHONEOS_DEPLOYMENT_TARGET = 10.3;
				LD_RUNPATH_SEARCH_PATHS = "$(inherited) @executable_path/Frameworks";
				PRODUCT_BUNDLE_IDENTIFIER = com.nbrorunning.app;
				PRODUCT_NAME = "$(TARGET_NAME)";
				PROVISIONING_PROFILE = "a89a1c49-7f1e-452e-8e96-0df17f16ab65";
				PROVISIONING_PROFILE_SPECIFIER = "match Development com.nbrorunning.app";
				SWIFT_OBJC_BRIDGING_HEADER = "$(PROJECT_NAME)/Bridging-Header.h";
				SWIFT_SWIFT3_OBJC_INFERENCE = On;
				SWIFT_VERSION = 4.0;
			};
			name = Debug;
		};
		6C9A5C3A1C60BF72007459A8 /* Release */ = {
			isa = XCBuildConfiguration;
			baseConfigurationReference = C625E569A5B50E8573F2BAB8 /* Pods-nbro.release.xcconfig */;
			buildSettings = {
				ALWAYS_EMBED_SWIFT_STANDARD_LIBRARIES = YES;
				ASSETCATALOG_COMPILER_APPICON_NAME = icon_default;
				CODE_SIGN_IDENTITY = "iPhone Distribution: Casper Storm Larsen (6QPB2W4T9D)";
				"CODE_SIGN_IDENTITY[sdk=iphoneos*]" = "iPhone Distribution";
				CURRENT_PROJECT_VERSION = 27;
				DEVELOPMENT_TEAM = 6QPB2W4T9D;
				INFOPLIST_FILE = nbro/Info.plist;
				IPHONEOS_DEPLOYMENT_TARGET = 10.3;
				LD_RUNPATH_SEARCH_PATHS = "$(inherited) @executable_path/Frameworks";
				PRODUCT_BUNDLE_IDENTIFIER = com.nbrorunning.app;
				PRODUCT_NAME = "$(TARGET_NAME)";
				PROVISIONING_PROFILE = "023f37e1-334b-46ac-96fe-554cac05ca89";
				PROVISIONING_PROFILE_SPECIFIER = "match AppStore com.nbrorunning.app";
				SWIFT_OBJC_BRIDGING_HEADER = "$(PROJECT_NAME)/Bridging-Header.h";
				SWIFT_SWIFT3_OBJC_INFERENCE = On;
				SWIFT_VERSION = 4.0;
			};
			name = Release;
		};
/* End XCBuildConfiguration section */

/* Begin XCConfigurationList section */
		6C9A5C211C60BF72007459A8 /* Build configuration list for PBXProject "nbro" */ = {
			isa = XCConfigurationList;
			buildConfigurations = (
				6C9A5C361C60BF72007459A8 /* Debug */,
				6C9A5C371C60BF72007459A8 /* Release */,
			);
			defaultConfigurationIsVisible = 0;
			defaultConfigurationName = Release;
		};
		6C9A5C381C60BF72007459A8 /* Build configuration list for PBXNativeTarget "nbro" */ = {
			isa = XCConfigurationList;
			buildConfigurations = (
				6C9A5C391C60BF72007459A8 /* Debug */,
				6C9A5C3A1C60BF72007459A8 /* Release */,
			);
			defaultConfigurationIsVisible = 0;
			defaultConfigurationName = Release;
		};
/* End XCConfigurationList section */
	};
	rootObject = 6C9A5C1E1C60BF72007459A8 /* Project object */;
}
